// !$*UTF8*$!
{
	archiveVersion = 1;
	classes = {
	};
	objectVersion = 48;
	objects = {

/* Begin PBXBuildFile section */
		73018FC1210301EA00A6A7BC /* DistributionSelectionViewController.swift in Sources */ = {isa = PBXBuildFile; fileRef = 73018FC0210301EA00A6A7BC /* DistributionSelectionViewController.swift */; };
		73018FC3210309E600A6A7BC /* NormalDistributionViewControllerProtocol.swift in Sources */ = {isa = PBXBuildFile; fileRef = 73018FC2210309E600A6A7BC /* NormalDistributionViewControllerProtocol.swift */; };
		73018FC521030BEA00A6A7BC /* RaceResultsGraphSplitViewController.swift in Sources */ = {isa = PBXBuildFile; fileRef = 73018FC421030BEA00A6A7BC /* RaceResultsGraphSplitViewController.swift */; };
		7305E97B20D03D5E001748D5 /* RaceDefinition.storyboard in Resources */ = {isa = PBXBuildFile; fileRef = 7305E97A20D03D5E001748D5 /* RaceDefinition.storyboard */; };
		7305E97D20D06C1B001748D5 /* RaceDefinitionSplitViewController.swift in Sources */ = {isa = PBXBuildFile; fileRef = 7305E97C20D06C1B001748D5 /* RaceDefinitionSplitViewController.swift */; };
		7305E98820D1650A001748D5 /* Camps.storyboard in Resources */ = {isa = PBXBuildFile; fileRef = 7305E98720D1650A001748D5 /* Camps.storyboard */; };
		7305E98F20D167B7001748D5 /* CampGroupTabViewController.swift in Sources */ = {isa = PBXBuildFile; fileRef = 7305E98E20D167B7001748D5 /* CampGroupTabViewController.swift */; };
		7305E99120D17380001748D5 /* CampGroupListViewController.swift in Sources */ = {isa = PBXBuildFile; fileRef = 7305E99020D17380001748D5 /* CampGroupListViewController.swift */; };
		7305E99320D17BB8001748D5 /* ParticipantDay+Extension.swift in Sources */ = {isa = PBXBuildFile; fileRef = 7305E99220D17BB8001748D5 /* ParticipantDay+Extension.swift */; };
		7305E99520D17FFA001748D5 /* TransformerNSNumberToTimeFormat.swift in Sources */ = {isa = PBXBuildFile; fileRef = 7305E99420D17FFA001748D5 /* TransformerNSNumberToTimeFormat.swift */; };
		7305E99720D18DB6001748D5 /* ParticipantListViewController.swift in Sources */ = {isa = PBXBuildFile; fileRef = 7305E99620D18DB6001748D5 /* ParticipantListViewController.swift */; };
		7309930320DBB20D00906DD9 /* CampParticipantsRacesViewController.swift in Sources */ = {isa = PBXBuildFile; fileRef = 7309930220DBB20D00906DD9 /* CampParticipantsRacesViewController.swift */; };
		730B6B0E20DE244000274CA6 /* TrainingRanker.swift in Sources */ = {isa = PBXBuildFile; fileRef = 730B6B0D20DE244000274CA6 /* TrainingRanker.swift */; };
		730BE08520E656F400FA86FD /* HallOfFameHeaderView.xib in Resources */ = {isa = PBXBuildFile; fileRef = 730BE08420E656F400FA86FD /* HallOfFameHeaderView.xib */; };
		730BE08920E6588400FA86FD /* HallOfFameHeaderView.swift in Sources */ = {isa = PBXBuildFile; fileRef = 730BE08820E6588400FA86FD /* HallOfFameHeaderView.swift */; };
		7312BA4920DF8616006B7A67 /* CampDaySplitViewController.swift in Sources */ = {isa = PBXBuildFile; fileRef = 7312BA4820DF8616006B7A67 /* CampDaySplitViewController.swift */; };
		7312BA4D20DF8837006B7A67 /* RankingsViewControllerProtocol.swift in Sources */ = {isa = PBXBuildFile; fileRef = 7312BA4C20DF8837006B7A67 /* RankingsViewControllerProtocol.swift */; };
		7314EF8320E4C89E0032176F /* EddingtonNumbers.storyboard in Resources */ = {isa = PBXBuildFile; fileRef = 7314EF8220E4C89E0032176F /* EddingtonNumbers.storyboard */; };
		7314EF8520E4CBC30032176F /* EddingtonNumberViewController.swift in Sources */ = {isa = PBXBuildFile; fileRef = 7314EF8420E4CBC30032176F /* EddingtonNumberViewController.swift */; };
		7314EF8720E4D1F10032176F /* EddingtonNumber+Extension.swift in Sources */ = {isa = PBXBuildFile; fileRef = 7314EF8620E4D1F10032176F /* EddingtonNumber+Extension.swift */; };
		731A244D20DA0C0F0060E726 /* PointsMethodComboBox.swift in Sources */ = {isa = PBXBuildFile; fileRef = 731A244C20DA0C0F0060E726 /* PointsMethodComboBox.swift */; };
		731A244F20DA3AAF0060E726 /* RaceCompletionStatusComboBox.swift in Sources */ = {isa = PBXBuildFile; fileRef = 731A244E20DA3AAF0060E726 /* RaceCompletionStatusComboBox.swift */; };
		731A245120DA47830060E726 /* CampRaceResultViewController.swift in Sources */ = {isa = PBXBuildFile; fileRef = 731A245020DA47830060E726 /* CampRaceResultViewController.swift */; };
		731BDFB820DF75F3006A0A8F /* Rankings.storyboard in Resources */ = {isa = PBXBuildFile; fileRef = 731BDFB720DF75F3006A0A8F /* Rankings.storyboard */; };
		731BDFBA20DF7822006A0A8F /* RankingsViewController.swift in Sources */ = {isa = PBXBuildFile; fileRef = 731BDFB920DF7822006A0A8F /* RankingsViewController.swift */; };
		731E7BCD20D1AAE600AA00F5 /* RaceDefinition+Extension.swift in Sources */ = {isa = PBXBuildFile; fileRef = 731E7BCC20D1AAE600AA00F5 /* RaceDefinition+Extension.swift */; };
		731E7BCF20D1ADD200AA00F5 /* Race+Extension.swift in Sources */ = {isa = PBXBuildFile; fileRef = 731E7BCE20D1ADD200AA00F5 /* Race+Extension.swift */; };
		731E7BD120D1BBCA00AA00F5 /* Camp+Extension.swift in Sources */ = {isa = PBXBuildFile; fileRef = 731E7BD020D1BBCA00AA00F5 /* Camp+Extension.swift */; };
		731E7BD320D1C0D300AA00F5 /* Location+Extension.swift in Sources */ = {isa = PBXBuildFile; fileRef = 731E7BD220D1C0D300AA00F5 /* Location+Extension.swift */; };
		731E7BD520D1C0FE00AA00F5 /* CampType+Extension.swift in Sources */ = {isa = PBXBuildFile; fileRef = 731E7BD420D1C0FE00AA00F5 /* CampType+Extension.swift */; };
		731E7BD720D1C13600AA00F5 /* Locations.storyboard in Resources */ = {isa = PBXBuildFile; fileRef = 731E7BD620D1C13600AA00F5 /* Locations.storyboard */; };
		731E7BD920D1C25500AA00F5 /* CampTypes.storyboard in Resources */ = {isa = PBXBuildFile; fileRef = 731E7BD820D1C25500AA00F5 /* CampTypes.storyboard */; };
		731E7BDB20D2544A00AA00F5 /* RaceResult+Extension.swift in Sources */ = {isa = PBXBuildFile; fileRef = 731E7BDA20D2544A00AA00F5 /* RaceResult+Extension.swift */; };
		7320566321006F8D00499947 /* Buckets.storyboard in Resources */ = {isa = PBXBuildFile; fileRef = 7320566221006F8D00499947 /* Buckets.storyboard */; };
		7320566521006FBE00499947 /* Bucket.swift in Sources */ = {isa = PBXBuildFile; fileRef = 7320566421006FBE00499947 /* Bucket.swift */; };
		7321488F20DD408F00C0974C /* RaceDefinitionDescriptionsViewController.swift in Sources */ = {isa = PBXBuildFile; fileRef = 7321488E20DD408F00C0974C /* RaceDefinitionDescriptionsViewController.swift */; };
		7321489120DD459A00C0974C /* TextViewToStringTransformer.swift in Sources */ = {isa = PBXBuildFile; fileRef = 7321489020DD459A00C0974C /* TextViewToStringTransformer.swift */; };
		7321489320DD486F00C0974C /* RaceTypeComboBox.swift in Sources */ = {isa = PBXBuildFile; fileRef = 7321489220DD486F00C0974C /* RaceTypeComboBox.swift */; };
		73279D8720EA7AC100B8E575 /* TreeGeneratorViewControllerProtocol.swift in Sources */ = {isa = PBXBuildFile; fileRef = 73279D8620EA7AC100B8E575 /* TreeGeneratorViewControllerProtocol.swift */; };
		73279D8920EA7B2B00B8E575 /* CampArrayTreeNodeGenerator.swift in Sources */ = {isa = PBXBuildFile; fileRef = 73279D8820EA7B2B00B8E575 /* CampArrayTreeNodeGenerator.swift */; };
		73279D8B20EAA37900B8E575 /* TreeGeneratorParticipant.swift in Sources */ = {isa = PBXBuildFile; fileRef = 73279D8A20EAA37900B8E575 /* TreeGeneratorParticipant.swift */; };
		732BD70920D2A4A1004FBD59 /* CampNode.swift in Sources */ = {isa = PBXBuildFile; fileRef = 732BD70820D2A4A1004FBD59 /* CampNode.swift */; };
		732BD70D20D2A5E2004FBD59 /* RaceResultNode.swift in Sources */ = {isa = PBXBuildFile; fileRef = 732BD70C20D2A5E2004FBD59 /* RaceResultNode.swift */; };
		732BD70F20D2A6A2004FBD59 /* DayNode.swift in Sources */ = {isa = PBXBuildFile; fileRef = 732BD70E20D2A6A2004FBD59 /* DayNode.swift */; };
		732BD71120D2AAB5004FBD59 /* ParticipantRacesNode.swift in Sources */ = {isa = PBXBuildFile; fileRef = 732BD71020D2AAB5004FBD59 /* ParticipantRacesNode.swift */; };
		732BD71320D2AB6D004FBD59 /* ParticipantTrainingNode.swift in Sources */ = {isa = PBXBuildFile; fileRef = 732BD71220D2AB6D004FBD59 /* ParticipantTrainingNode.swift */; };
		732BD71520D2ABEA004FBD59 /* ParticipantCampNode.swift in Sources */ = {isa = PBXBuildFile; fileRef = 732BD71420D2ABEA004FBD59 /* ParticipantCampNode.swift */; };
		732BD71720D2AD0F004FBD59 /* CampTrainingNode.swift in Sources */ = {isa = PBXBuildFile; fileRef = 732BD71620D2AD0F004FBD59 /* CampTrainingNode.swift */; };
		732F4088210B17790037B555 /* StickyHeaderFlowLayout.swift in Sources */ = {isa = PBXBuildFile; fileRef = 732F4087210B17790037B555 /* StickyHeaderFlowLayout.swift */; };
		7331B719210081E1006392E1 /* TrainingDistribution.storyboard in Resources */ = {isa = PBXBuildFile; fileRef = 7331B718210081E1006392E1 /* TrainingDistribution.storyboard */; };
		7331B71B21008789006392E1 /* TrainingDataProtocol.swift in Sources */ = {isa = PBXBuildFile; fileRef = 7331B71A21008789006392E1 /* TrainingDataProtocol.swift */; };
		7331B71D21008EAB006392E1 /* TrainingDistributionViewController.swift in Sources */ = {isa = PBXBuildFile; fileRef = 7331B71C21008EAB006392E1 /* TrainingDistributionViewController.swift */; };
		7331B71F21008F34006392E1 /* TrainingDataViewController.swift in Sources */ = {isa = PBXBuildFile; fileRef = 7331B71E21008F34006392E1 /* TrainingDataViewController.swift */; };
		73370FBB20D28CA60090755E /* CampParticipant+Extension.swift in Sources */ = {isa = PBXBuildFile; fileRef = 73370FBA20D28CA60090755E /* CampParticipant+Extension.swift */; };
		73370FBD20D296AB0090755E /* TreeNodeOLD.swift in Sources */ = {isa = PBXBuildFile; fileRef = 73370FBC20D296AB0090755E /* TreeNodeOLD.swift */; };
		73370FBF20D296CC0090755E /* TreeNodeImplementation.swift in Sources */ = {isa = PBXBuildFile; fileRef = 73370FBE20D296CC0090755E /* TreeNodeImplementation.swift */; };
		73370FC120D29B120090755E /* TreeNodeViewController.swift in Sources */ = {isa = PBXBuildFile; fileRef = 73370FC020D29B120090755E /* TreeNodeViewController.swift */; };
		73370FC320D29B5C0090755E /* Tree.storyboard in Resources */ = {isa = PBXBuildFile; fileRef = 73370FC220D29B5C0090755E /* Tree.storyboard */; };
		7337252D20D7F42400D7200E /* CampParticipantsTrainingDaysViewController.swift in Sources */ = {isa = PBXBuildFile; fileRef = 7337252C20D7F42400D7200E /* CampParticipantsTrainingDaysViewController.swift */; };
		733735ED20E54CF300931C43 /* Admin.storyboard in Resources */ = {isa = PBXBuildFile; fileRef = 733735EC20E54CF300931C43 /* Admin.storyboard */; };
		733735EF20E5545C00931C43 /* HallOfFame.storyboard in Resources */ = {isa = PBXBuildFile; fileRef = 733735EE20E5545C00931C43 /* HallOfFame.storyboard */; };
		733735F920E62D1400931C43 /* HallOfFameViewController.swift in Sources */ = {isa = PBXBuildFile; fileRef = 733735F820E62D1400931C43 /* HallOfFameViewController.swift */; };
		733B7BDD20DEBF4F00916BD9 /* Ranker.swift in Sources */ = {isa = PBXBuildFile; fileRef = 733B7BDC20DEBF4F00916BD9 /* Ranker.swift */; };
		733B7BDF20DED80E00916BD9 /* TrainingValuesProtocol.swift in Sources */ = {isa = PBXBuildFile; fileRef = 733B7BDE20DED80E00916BD9 /* TrainingValuesProtocol.swift */; };
		7346382020C6FFC800406C74 /* CampDays.storyboard in Resources */ = {isa = PBXBuildFile; fileRef = 7346381F20C6FFC800406C74 /* CampDays.storyboard */; };
		7346382220C700C000406C74 /* CampViewControllerProtocol.swift in Sources */ = {isa = PBXBuildFile; fileRef = 7346382120C700C000406C74 /* CampViewControllerProtocol.swift */; };
		7346382420C700F500406C74 /* CampViewController.swift in Sources */ = {isa = PBXBuildFile; fileRef = 7346382320C700F500406C74 /* CampViewController.swift */; };
		7346382620C7029000406C74 /* CampsListViewController.swift in Sources */ = {isa = PBXBuildFile; fileRef = 7346382520C7029000406C74 /* CampsListViewController.swift */; };
		7346382820C7044000406C74 /* CampSplitViewController.swift in Sources */ = {isa = PBXBuildFile; fileRef = 7346382720C7044000406C74 /* CampSplitViewController.swift */; };
		7346382A20C705F000406C74 /* CampsTabViewController.swift in Sources */ = {isa = PBXBuildFile; fileRef = 7346382920C705F000406C74 /* CampsTabViewController.swift */; };
		73479C2F20C796AE0098E7D9 /* Races.storyboard in Resources */ = {isa = PBXBuildFile; fileRef = 73479C2E20C796AE0098E7D9 /* Races.storyboard */; };
		734C3D9F2100735900EBB54C /* BucketsViewController.swift in Sources */ = {isa = PBXBuildFile; fileRef = 734C3D9E2100735900EBB54C /* BucketsViewController.swift */; };
		734F0C6321009BF1008504E4 /* TrainingDistributionGraphViewController.swift in Sources */ = {isa = PBXBuildFile; fileRef = 734F0C6221009BF1008504E4 /* TrainingDistributionGraphViewController.swift */; };
		734F0C652100AA35008504E4 /* BucketGenerator.swift in Sources */ = {isa = PBXBuildFile; fileRef = 734F0C642100AA35008504E4 /* BucketGenerator.swift */; };
		7358FA8720DC35D8006889FA /* Rankable.swift in Sources */ = {isa = PBXBuildFile; fileRef = 7358FA8620DC35D8006889FA /* Rankable.swift */; };
		7358FA8920DC3F9F006889FA /* RaceRanker.swift in Sources */ = {isa = PBXBuildFile; fileRef = 7358FA8820DC3F9F006889FA /* RaceRanker.swift */; };
		735CF5E420DBFD5A00A10340 /* RaceResultsViewControllerProtocol.swift in Sources */ = {isa = PBXBuildFile; fileRef = 735CF5E320DBFD5A00A10340 /* RaceResultsViewControllerProtocol.swift */; };
		735CF5E620DBFD9F00A10340 /* RaceResultsViewController.swift in Sources */ = {isa = PBXBuildFile; fileRef = 735CF5E520DBFD9F00A10340 /* RaceResultsViewController.swift */; };
		73653C5C20C6D08E001A6E07 /* AppDelegate.swift in Sources */ = {isa = PBXBuildFile; fileRef = 73653C5B20C6D08E001A6E07 /* AppDelegate.swift */; };
		73653C5E20C6D08E001A6E07 /* ViewController.swift in Sources */ = {isa = PBXBuildFile; fileRef = 73653C5D20C6D08E001A6E07 /* ViewController.swift */; };
		73653C6120C6D08E001A6E07 /* TrainingCamps.xcdatamodeld in Sources */ = {isa = PBXBuildFile; fileRef = 73653C5F20C6D08E001A6E07 /* TrainingCamps.xcdatamodeld */; };
		73653C6320C6D08E001A6E07 /* Assets.xcassets in Resources */ = {isa = PBXBuildFile; fileRef = 73653C6220C6D08E001A6E07 /* Assets.xcassets */; };
		73653C6620C6D08F001A6E07 /* Main.storyboard in Resources */ = {isa = PBXBuildFile; fileRef = 73653C6420C6D08F001A6E07 /* Main.storyboard */; };
		73653C6F20C6D4D6001A6E07 /* CoreDataStack.swift in Sources */ = {isa = PBXBuildFile; fileRef = 73653C6E20C6D4D6001A6E07 /* CoreDataStack.swift */; };
		73653C7420C6DF63001A6E07 /* JSONImporter.swift in Sources */ = {isa = PBXBuildFile; fileRef = 73653C7320C6DF63001A6E07 /* JSONImporter.swift */; };
		73653C7620C6E027001A6E07 /* Date+Extension.swift in Sources */ = {isa = PBXBuildFile; fileRef = 73653C7520C6E027001A6E07 /* Date+Extension.swift */; };
		73653C7820C6E1F1001A6E07 /* Enumerations.swift in Sources */ = {isa = PBXBuildFile; fileRef = 73653C7720C6E1F1001A6E07 /* Enumerations.swift */; };
		7365EE3A20C7179A00E1A4EB /* CampDaysSplitViewController.swift in Sources */ = {isa = PBXBuildFile; fileRef = 7365EE3920C7179A00E1A4EB /* CampDaysSplitViewController.swift */; };
		7366C5B620E02CB0006F9C82 /* TreeNode.swift in Sources */ = {isa = PBXBuildFile; fileRef = 7366C5B520E02CB0006F9C82 /* TreeNode.swift */; };
		7366C5BA20E047B3006F9C82 /* TreeNodeSum.swift in Sources */ = {isa = PBXBuildFile; fileRef = 7366C5B920E047B2006F9C82 /* TreeNodeSum.swift */; };
		7366C5BC20E04974006F9C82 /* TreeNodeAverage.swift in Sources */ = {isa = PBXBuildFile; fileRef = 7366C5BB20E04974006F9C82 /* TreeNodeAverage.swift */; };
		73789B2A20FE3BA40019695D /* DistributionGraph.swift in Sources */ = {isa = PBXBuildFile; fileRef = 73789B2920FE3BA40019695D /* DistributionGraph.swift */; };
		73789B2C20FE4A2F0019695D /* RaceResultsDistribution.storyboard in Resources */ = {isa = PBXBuildFile; fileRef = 73789B2B20FE4A2F0019695D /* RaceResultsDistribution.storyboard */; };
		73789B2E20FE56B80019695D /* RaceResultsDistributionSplitViewController.swift in Sources */ = {isa = PBXBuildFile; fileRef = 73789B2D20FE56B80019695D /* RaceResultsDistributionSplitViewController.swift */; };
		737FD9EF210DBA7E00F17632 /* HallOfFameFooterView.swift in Sources */ = {isa = PBXBuildFile; fileRef = 737FD9EE210DBA7E00F17632 /* HallOfFameFooterView.swift */; };
		737FD9F1210DBAA300F17632 /* HallOfFameFooterView.xib in Resources */ = {isa = PBXBuildFile; fileRef = 737FD9F0210DBAA300F17632 /* HallOfFameFooterView.xib */; };
		73811D2B20D2B0BD009D946F /* CampRacingNode.swift in Sources */ = {isa = PBXBuildFile; fileRef = 73811D2A20D2B0BD009D946F /* CampRacingNode.swift */; };
		7384573120E388DA00155EB6 /* Maths.swift in Sources */ = {isa = PBXBuildFile; fileRef = 7384573020E388DA00155EB6 /* Maths.swift */; };
		7384573520E3AAA100155EB6 /* ParticipantFilterCombBox.swift in Sources */ = {isa = PBXBuildFile; fileRef = 7384573420E3AAA100155EB6 /* ParticipantFilterCombBox.swift */; };
		73944A3D20DBA8CC00835D07 /* DayViewControllerProtocol.swift in Sources */ = {isa = PBXBuildFile; fileRef = 73944A3C20DBA8CC00835D07 /* DayViewControllerProtocol.swift */; };
		73944A3F20DBAE0700835D07 /* CampParticipantViewControllerProtocol.swift in Sources */ = {isa = PBXBuildFile; fileRef = 73944A3E20DBAE0700835D07 /* CampParticipantViewControllerProtocol.swift */; };
		73944A4120DBAFC000835D07 /* CampParticipantSplitViewController.swift in Sources */ = {isa = PBXBuildFile; fileRef = 73944A4020DBAFC000835D07 /* CampParticipantSplitViewController.swift */; };
		739A3CDA20DBF1170069542C /* RaceDefinitionViewControllerProtocol.swift in Sources */ = {isa = PBXBuildFile; fileRef = 739A3CD920DBF1170069542C /* RaceDefinitionViewControllerProtocol.swift */; };
		739A3CDC20DBF2740069542C /* RaceDefinitionListViewController.swift in Sources */ = {isa = PBXBuildFile; fileRef = 739A3CDB20DBF2740069542C /* RaceDefinitionListViewController.swift */; };
		739B6D4B20E4E77A006C5DF0 /* ParticipantEddingtonNumbers.storyboard in Resources */ = {isa = PBXBuildFile; fileRef = 739B6D4A20E4E77A006C5DF0 /* ParticipantEddingtonNumbers.storyboard */; };
		739B6D4D20E4E815006C5DF0 /* ParticipantEddingtonNumbersViewController.swift in Sources */ = {isa = PBXBuildFile; fileRef = 739B6D4C20E4E815006C5DF0 /* ParticipantEddingtonNumbersViewController.swift */; };
		739B6D5120E4E85D006C5DF0 /* ParticipantViewControllerProtocol.swift in Sources */ = {isa = PBXBuildFile; fileRef = 739B6D5020E4E85D006C5DF0 /* ParticipantViewControllerProtocol.swift */; };
		739B6D5320E4EDFA006C5DF0 /* Participant.storyboard in Resources */ = {isa = PBXBuildFile; fileRef = 739B6D5220E4EDFA006C5DF0 /* Participant.storyboard */; };
		739B6D5520E4EE7C006C5DF0 /* ParticipantSplitViewController.swift in Sources */ = {isa = PBXBuildFile; fileRef = 739B6D5420E4EE7C006C5DF0 /* ParticipantSplitViewController.swift */; };
		739B6D5720E4FA4C006C5DF0 /* AllParticipantsEddingtonNumbersViewController.swift in Sources */ = {isa = PBXBuildFile; fileRef = 739B6D5620E4FA4C006C5DF0 /* AllParticipantsEddingtonNumbersViewController.swift */; };
		739D5AC1210258C3007E3B00 /* FixedNumberOfBucketsBucketGenerator.swift in Sources */ = {isa = PBXBuildFile; fileRef = 739D5AC0210258C3007E3B00 /* FixedNumberOfBucketsBucketGenerator.swift */; };
		739D5AC32102590B007E3B00 /* FixedWidthBucketGenerator.swift in Sources */ = {isa = PBXBuildFile; fileRef = 739D5AC22102590B007E3B00 /* FixedWidthBucketGenerator.swift */; };
		739F39FE20E639280068B350 /* HallOfFameResult.swift in Sources */ = {isa = PBXBuildFile; fileRef = 739F39FD20E639280068B350 /* HallOfFameResult.swift */; };
		739F3A0120E63FBC0068B350 /* HallOfFameViewItem.swift in Sources */ = {isa = PBXBuildFile; fileRef = 739F39FF20E63FBC0068B350 /* HallOfFameViewItem.swift */; };
		739F3A0220E63FBC0068B350 /* HallOfFameViewItem.xib in Resources */ = {isa = PBXBuildFile; fileRef = 739F3A0020E63FBC0068B350 /* HallOfFameViewItem.xib */; };
		73A1FE4120D98E210072847B /* CampRacesViewController.swift in Sources */ = {isa = PBXBuildFile; fileRef = 73A1FE4020D98E210072847B /* CampRacesViewController.swift */; };
		73A7DE0C20EA52AB001166B0 /* HallOfFameEddingtonNumbersViewController.swift in Sources */ = {isa = PBXBuildFile; fileRef = 73A7DE0B20EA52AB001166B0 /* HallOfFameEddingtonNumbersViewController.swift */; };
		73A7DE1020EA7770001166B0 /* TreeNodeGenerator.swift in Sources */ = {isa = PBXBuildFile; fileRef = 73A7DE0F20EA7770001166B0 /* TreeNodeGenerator.swift */; };
		73A7DE1220EA7914001166B0 /* CampGroupTreeNodeGenerator.swift in Sources */ = {isa = PBXBuildFile; fileRef = 73A7DE1120EA7914001166B0 /* CampGroupTreeNodeGenerator.swift */; };
		73A84B3520DF9BCF00506236 /* CampAthleteList.storyboard in Resources */ = {isa = PBXBuildFile; fileRef = 73A84B3420DF9BCF00506236 /* CampAthleteList.storyboard */; };
		73A84B3720DF9DC500506236 /* CampAthleteListSplitViewController.swift in Sources */ = {isa = PBXBuildFile; fileRef = 73A84B3620DF9DC500506236 /* CampAthleteListSplitViewController.swift */; };
		73A84B3920DF9F7C00506236 /* CampAthletesDays.storyboard in Resources */ = {isa = PBXBuildFile; fileRef = 73A84B3820DF9F7C00506236 /* CampAthletesDays.storyboard */; };
		73A84B3B20DFA2B400506236 /* RaceResultsSplitViewController.swift in Sources */ = {isa = PBXBuildFile; fileRef = 73A84B3A20DFA2B400506236 /* RaceResultsSplitViewController.swift */; };
		73A9401520ECFDFC004D6EA5 /* CSVExporter.swift in Sources */ = {isa = PBXBuildFile; fileRef = 73A9401420ECFDFC004D6EA5 /* CSVExporter.swift */; };
		73AA4EC420D26227004B05B8 /* Day+Extension.swift in Sources */ = {isa = PBXBuildFile; fileRef = 73AA4EC320D26227004B05B8 /* Day+Extension.swift */; };
		73AA945120D271BC00CA2CAB /* ParticipantDayNode.swift in Sources */ = {isa = PBXBuildFile; fileRef = 73AA945020D271BC00CA2CAB /* ParticipantDayNode.swift */; };
		73AA945320D2735F00CA2CAB /* ParticipantRaceResultNode.swift in Sources */ = {isa = PBXBuildFile; fileRef = 73AA945220D2735F00CA2CAB /* ParticipantRaceResultNode.swift */; };
		73B58E4120FEF384001CA7D0 /* RaceResultsGraphViewController.swift in Sources */ = {isa = PBXBuildFile; fileRef = 73B58E4020FEF384001CA7D0 /* RaceResultsGraphViewController.swift */; };
		73B6D91B20EB43B400E88392 /* et_final_Transparent.jpg in Resources */ = {isa = PBXBuildFile; fileRef = 73B6D91A20EB43B400E88392 /* et_final_Transparent.jpg */; };
		73B6D91D20EB487F00E88392 /* CompletionCertificatePDF.swift in Sources */ = {isa = PBXBuildFile; fileRef = 73B6D91C20EB487F00E88392 /* CompletionCertificatePDF.swift */; };
		73B6D91F20EB749D00E88392 /* CompletionCertificates.storyboard in Resources */ = {isa = PBXBuildFile; fileRef = 73B6D91E20EB749D00E88392 /* CompletionCertificates.storyboard */; };
		73B6D92120EB76F000E88392 /* CompletionCertificatesSplitViewController.swift in Sources */ = {isa = PBXBuildFile; fileRef = 73B6D92020EB76F000E88392 /* CompletionCertificatesSplitViewController.swift */; };
		73B6D92320EB77D800E88392 /* CampCompletionCertificationViewController.swift in Sources */ = {isa = PBXBuildFile; fileRef = 73B6D92220EB77D800E88392 /* CampCompletionCertificationViewController.swift */; };
		73B6D92520EB789E00E88392 /* CampCompletionListViewController.swift in Sources */ = {isa = PBXBuildFile; fileRef = 73B6D92420EB789E00E88392 /* CampCompletionListViewController.swift */; };
		73B8276D20C84AD400E33064 /* Participant+Extension.swift in Sources */ = {isa = PBXBuildFile; fileRef = 73B8276C20C84AD400E33064 /* Participant+Extension.swift */; };
		73BC9FC420D926CA0077AC7E /* ParticipantCampDaysViewController.swift in Sources */ = {isa = PBXBuildFile; fileRef = 73BC9FC320D926CA0077AC7E /* ParticipantCampDaysViewController.swift */; };
		73C9741420E3E1C7004DD350 /* ParticipantDayTreeNode.swift in Sources */ = {isa = PBXBuildFile; fileRef = 73C9741320E3E1C7004DD350 /* ParticipantDayTreeNode.swift */; };
		73C9741620E3E4EB004DD350 /* RaceResultTreeNode.swift in Sources */ = {isa = PBXBuildFile; fileRef = 73C9741520E3E4EB004DD350 /* RaceResultTreeNode.swift */; };
		73C9741820E3F87B004DD350 /* ParticipantFilterPopUp.swift in Sources */ = {isa = PBXBuildFile; fileRef = 73C9741720E3F87B004DD350 /* ParticipantFilterPopUp.swift */; };
		73D8CB6320C7DF4E00F7D322 /* RacesSplitViewController.swift in Sources */ = {isa = PBXBuildFile; fileRef = 73D8CB6220C7DF4E00F7D322 /* RacesSplitViewController.swift */; };
		73D8CB6520C8200500F7D322 /* Participants.storyboard in Resources */ = {isa = PBXBuildFile; fileRef = 73D8CB6420C8200500F7D322 /* Participants.storyboard */; };
		73D8CB6720C8202500F7D322 /* CampGroupViewControllerProtocol.swift in Sources */ = {isa = PBXBuildFile; fileRef = 73D8CB6620C8202500F7D322 /* CampGroupViewControllerProtocol.swift */; };
		73D8CB6920C8205800F7D322 /* CampGroupViewController.swift in Sources */ = {isa = PBXBuildFile; fileRef = 73D8CB6820C8205800F7D322 /* CampGroupViewController.swift */; };
		73D8CB6B20C820AE00F7D322 /* CampGroupSplitViewController.swift in Sources */ = {isa = PBXBuildFile; fileRef = 73D8CB6A20C820AE00F7D322 /* CampGroupSplitViewController.swift */; };
		73D8CB6D20C825BE00F7D322 /* ParticipantsSplitViewController.swift in Sources */ = {isa = PBXBuildFile; fileRef = 73D8CB6C20C825BE00F7D322 /* ParticipantsSplitViewController.swift */; };
		73D8CB6F20C8491B00F7D322 /* CampGroup+Extension.swift in Sources */ = {isa = PBXBuildFile; fileRef = 73D8CB6E20C8491B00F7D322 /* CampGroup+Extension.swift */; };
		73D8FFE720E13FE80033A2B2 /* TreeOrderComboBox.swift in Sources */ = {isa = PBXBuildFile; fileRef = 73D8FFE620E13FE80033A2B2 /* TreeOrderComboBox.swift */; };
		73D9162220EA316400891C36 /* HallfOfFameTrainingViewController.swift in Sources */ = {isa = PBXBuildFile; fileRef = 73D9162120EA316400891C36 /* HallfOfFameTrainingViewController.swift */; };
		73D9254920EAB90A00BE3D5C /* OpenAndSaveDialogues.swift in Sources */ = {isa = PBXBuildFile; fileRef = 73D9254820EAB90A00BE3D5C /* OpenAndSaveDialogues.swift */; };
		73F068E820D373A8001890CB /* CampParticipants.storyboard in Resources */ = {isa = PBXBuildFile; fileRef = 73F068E720D373A8001890CB /* CampParticipants.storyboard */; };
		73F068EA20D37484001890CB /* CampParticipantsSplitViewController.swift in Sources */ = {isa = PBXBuildFile; fileRef = 73F068E920D37484001890CB /* CampParticipantsSplitViewController.swift */; };
		73F0CAFD20DD13F50073D63B /* Rank+Extension.swift in Sources */ = {isa = PBXBuildFile; fileRef = 73F0CAFC20DD13F50073D63B /* Rank+Extension.swift */; };
		73F4F46E20DA755F00A5629B /* RaceViewControllerProtocol.swift in Sources */ = {isa = PBXBuildFile; fileRef = 73F4F46D20DA755F00A5629B /* RaceViewControllerProtocol.swift */; };
		73F8AB8620D5264500B86159 /* TreeToggler.swift in Sources */ = {isa = PBXBuildFile; fileRef = 73F8AB8520D5264500B86159 /* TreeToggler.swift */; };
		73F8AB8820D640AF00B86159 /* CampParticipantsListViewController.swift in Sources */ = {isa = PBXBuildFile; fileRef = 73F8AB8720D640AF00B86159 /* CampParticipantsListViewController.swift */; };
		73F8AB8A20D765BA00B86159 /* GenderComboBox.swift in Sources */ = {isa = PBXBuildFile; fileRef = 73F8AB8920D765BA00B86159 /* GenderComboBox.swift */; };
		73F8AB8C20D78D7D00B86159 /* CoachComboBox.swift in Sources */ = {isa = PBXBuildFile; fileRef = 73F8AB8B20D78D7C00B86159 /* CoachComboBox.swift */; };
		73F8AB8E20D78DC200B86159 /* CoachingRelationshipComboBox.swift in Sources */ = {isa = PBXBuildFile; fileRef = 73F8AB8D20D78DC200B86159 /* CoachingRelationshipComboBox.swift */; };
		73F8AB9020D7C87900B86159 /* RoleComboBox.swift in Sources */ = {isa = PBXBuildFile; fileRef = 73F8AB8F20D7C87900B86159 /* RoleComboBox.swift */; };
		73FC661020E0B7C80019F964 /* TreeGenerator.swift in Sources */ = {isa = PBXBuildFile; fileRef = 73FC660F20E0B7C80019F964 /* TreeGenerator.swift */; };
		73FC661220E0BB5C0019F964 /* TreeNodeEditable.swift in Sources */ = {isa = PBXBuildFile; fileRef = 73FC661120E0BB5C0019F964 /* TreeNodeEditable.swift */; };
		73FD6D1220D91FEF000A821D /* CampDaysViewController.swift in Sources */ = {isa = PBXBuildFile; fileRef = 73FD6D1120D91FEF000A821D /* CampDaysViewController.swift */; };
		73FDF5CA20DC020800A9A5B9 /* RaceResults.storyboard in Resources */ = {isa = PBXBuildFile; fileRef = 73FDF5C920DC020800A9A5B9 /* RaceResults.storyboard */; };
		73FDF5CC20DC060A00A9A5B9 /* SingleRaceResults.storyboard in Resources */ = {isa = PBXBuildFile; fileRef = 73FDF5CB20DC060A00A9A5B9 /* SingleRaceResults.storyboard */; };
		73FDF5CE20DC06A000A9A5B9 /* SingleRaceResultsViewController.swift in Sources */ = {isa = PBXBuildFile; fileRef = 73FDF5CD20DC06A000A9A5B9 /* SingleRaceResultsViewController.swift */; };
/* End PBXBuildFile section */

/* Begin PBXFileReference section */
		73018FC0210301EA00A6A7BC /* DistributionSelectionViewController.swift */ = {isa = PBXFileReference; lastKnownFileType = sourcecode.swift; path = DistributionSelectionViewController.swift; sourceTree = "<group>"; };
		73018FC2210309E600A6A7BC /* NormalDistributionViewControllerProtocol.swift */ = {isa = PBXFileReference; lastKnownFileType = sourcecode.swift; path = NormalDistributionViewControllerProtocol.swift; sourceTree = "<group>"; };
		73018FC421030BEA00A6A7BC /* RaceResultsGraphSplitViewController.swift */ = {isa = PBXFileReference; lastKnownFileType = sourcecode.swift; path = RaceResultsGraphSplitViewController.swift; sourceTree = "<group>"; };
		7305E97A20D03D5E001748D5 /* RaceDefinition.storyboard */ = {isa = PBXFileReference; lastKnownFileType = file.storyboard; path = RaceDefinition.storyboard; sourceTree = "<group>"; };
		7305E97C20D06C1B001748D5 /* RaceDefinitionSplitViewController.swift */ = {isa = PBXFileReference; lastKnownFileType = sourcecode.swift; path = RaceDefinitionSplitViewController.swift; sourceTree = "<group>"; };
		7305E98720D1650A001748D5 /* Camps.storyboard */ = {isa = PBXFileReference; lastKnownFileType = file.storyboard; path = Camps.storyboard; sourceTree = "<group>"; };
		7305E98E20D167B7001748D5 /* CampGroupTabViewController.swift */ = {isa = PBXFileReference; lastKnownFileType = sourcecode.swift; path = CampGroupTabViewController.swift; sourceTree = "<group>"; };
		7305E99020D17380001748D5 /* CampGroupListViewController.swift */ = {isa = PBXFileReference; lastKnownFileType = sourcecode.swift; path = CampGroupListViewController.swift; sourceTree = "<group>"; };
		7305E99220D17BB8001748D5 /* ParticipantDay+Extension.swift */ = {isa = PBXFileReference; lastKnownFileType = sourcecode.swift; path = "ParticipantDay+Extension.swift"; sourceTree = "<group>"; };
		7305E99420D17FFA001748D5 /* TransformerNSNumberToTimeFormat.swift */ = {isa = PBXFileReference; lastKnownFileType = sourcecode.swift; path = TransformerNSNumberToTimeFormat.swift; sourceTree = "<group>"; };
		7305E99620D18DB6001748D5 /* ParticipantListViewController.swift */ = {isa = PBXFileReference; lastKnownFileType = sourcecode.swift; path = ParticipantListViewController.swift; sourceTree = "<group>"; };
		7309930220DBB20D00906DD9 /* CampParticipantsRacesViewController.swift */ = {isa = PBXFileReference; lastKnownFileType = sourcecode.swift; path = CampParticipantsRacesViewController.swift; sourceTree = "<group>"; };
		730B6B0D20DE244000274CA6 /* TrainingRanker.swift */ = {isa = PBXFileReference; lastKnownFileType = sourcecode.swift; path = TrainingRanker.swift; sourceTree = "<group>"; };
		730BE08420E656F400FA86FD /* HallOfFameHeaderView.xib */ = {isa = PBXFileReference; lastKnownFileType = file.xib; path = HallOfFameHeaderView.xib; sourceTree = "<group>"; };
		730BE08820E6588400FA86FD /* HallOfFameHeaderView.swift */ = {isa = PBXFileReference; lastKnownFileType = sourcecode.swift; path = HallOfFameHeaderView.swift; sourceTree = "<group>"; };
		7312BA4820DF8616006B7A67 /* CampDaySplitViewController.swift */ = {isa = PBXFileReference; lastKnownFileType = sourcecode.swift; path = CampDaySplitViewController.swift; sourceTree = "<group>"; };
		7312BA4C20DF8837006B7A67 /* RankingsViewControllerProtocol.swift */ = {isa = PBXFileReference; lastKnownFileType = sourcecode.swift; path = RankingsViewControllerProtocol.swift; sourceTree = "<group>"; };
		7314EF8220E4C89E0032176F /* EddingtonNumbers.storyboard */ = {isa = PBXFileReference; lastKnownFileType = file.storyboard; path = EddingtonNumbers.storyboard; sourceTree = "<group>"; };
		7314EF8420E4CBC30032176F /* EddingtonNumberViewController.swift */ = {isa = PBXFileReference; lastKnownFileType = sourcecode.swift; path = EddingtonNumberViewController.swift; sourceTree = "<group>"; };
		7314EF8620E4D1F10032176F /* EddingtonNumber+Extension.swift */ = {isa = PBXFileReference; lastKnownFileType = sourcecode.swift; path = "EddingtonNumber+Extension.swift"; sourceTree = "<group>"; };
		731A244C20DA0C0F0060E726 /* PointsMethodComboBox.swift */ = {isa = PBXFileReference; lastKnownFileType = sourcecode.swift; path = PointsMethodComboBox.swift; sourceTree = "<group>"; };
		731A244E20DA3AAF0060E726 /* RaceCompletionStatusComboBox.swift */ = {isa = PBXFileReference; lastKnownFileType = sourcecode.swift; path = RaceCompletionStatusComboBox.swift; sourceTree = "<group>"; };
		731A245020DA47830060E726 /* CampRaceResultViewController.swift */ = {isa = PBXFileReference; lastKnownFileType = sourcecode.swift; path = CampRaceResultViewController.swift; sourceTree = "<group>"; };
		731BDFB720DF75F3006A0A8F /* Rankings.storyboard */ = {isa = PBXFileReference; lastKnownFileType = file.storyboard; path = Rankings.storyboard; sourceTree = "<group>"; };
		731BDFB920DF7822006A0A8F /* RankingsViewController.swift */ = {isa = PBXFileReference; lastKnownFileType = sourcecode.swift; path = RankingsViewController.swift; sourceTree = "<group>"; };
		731E7BCC20D1AAE600AA00F5 /* RaceDefinition+Extension.swift */ = {isa = PBXFileReference; lastKnownFileType = sourcecode.swift; path = "RaceDefinition+Extension.swift"; sourceTree = "<group>"; };
		731E7BCE20D1ADD200AA00F5 /* Race+Extension.swift */ = {isa = PBXFileReference; lastKnownFileType = sourcecode.swift; path = "Race+Extension.swift"; sourceTree = "<group>"; };
		731E7BD020D1BBCA00AA00F5 /* Camp+Extension.swift */ = {isa = PBXFileReference; lastKnownFileType = sourcecode.swift; path = "Camp+Extension.swift"; sourceTree = "<group>"; };
		731E7BD220D1C0D300AA00F5 /* Location+Extension.swift */ = {isa = PBXFileReference; lastKnownFileType = sourcecode.swift; path = "Location+Extension.swift"; sourceTree = "<group>"; };
		731E7BD420D1C0FE00AA00F5 /* CampType+Extension.swift */ = {isa = PBXFileReference; lastKnownFileType = sourcecode.swift; path = "CampType+Extension.swift"; sourceTree = "<group>"; };
		731E7BD620D1C13600AA00F5 /* Locations.storyboard */ = {isa = PBXFileReference; lastKnownFileType = file.storyboard; path = Locations.storyboard; sourceTree = "<group>"; };
		731E7BD820D1C25500AA00F5 /* CampTypes.storyboard */ = {isa = PBXFileReference; lastKnownFileType = file.storyboard; path = CampTypes.storyboard; sourceTree = "<group>"; };
		731E7BDA20D2544A00AA00F5 /* RaceResult+Extension.swift */ = {isa = PBXFileReference; lastKnownFileType = sourcecode.swift; path = "RaceResult+Extension.swift"; sourceTree = "<group>"; };
		7320566221006F8D00499947 /* Buckets.storyboard */ = {isa = PBXFileReference; lastKnownFileType = file.storyboard; path = Buckets.storyboard; sourceTree = "<group>"; };
		7320566421006FBE00499947 /* Bucket.swift */ = {isa = PBXFileReference; lastKnownFileType = sourcecode.swift; path = Bucket.swift; sourceTree = "<group>"; };
		7321488E20DD408F00C0974C /* RaceDefinitionDescriptionsViewController.swift */ = {isa = PBXFileReference; lastKnownFileType = sourcecode.swift; path = RaceDefinitionDescriptionsViewController.swift; sourceTree = "<group>"; };
		7321489020DD459A00C0974C /* TextViewToStringTransformer.swift */ = {isa = PBXFileReference; lastKnownFileType = sourcecode.swift; path = TextViewToStringTransformer.swift; sourceTree = "<group>"; };
		7321489220DD486F00C0974C /* RaceTypeComboBox.swift */ = {isa = PBXFileReference; lastKnownFileType = sourcecode.swift; path = RaceTypeComboBox.swift; sourceTree = "<group>"; };
		73279D8620EA7AC100B8E575 /* TreeGeneratorViewControllerProtocol.swift */ = {isa = PBXFileReference; lastKnownFileType = sourcecode.swift; path = TreeGeneratorViewControllerProtocol.swift; sourceTree = "<group>"; };
		73279D8820EA7B2B00B8E575 /* CampArrayTreeNodeGenerator.swift */ = {isa = PBXFileReference; lastKnownFileType = sourcecode.swift; path = CampArrayTreeNodeGenerator.swift; sourceTree = "<group>"; };
		73279D8A20EAA37900B8E575 /* TreeGeneratorParticipant.swift */ = {isa = PBXFileReference; lastKnownFileType = sourcecode.swift; path = TreeGeneratorParticipant.swift; sourceTree = "<group>"; };
		732BD70820D2A4A1004FBD59 /* CampNode.swift */ = {isa = PBXFileReference; lastKnownFileType = sourcecode.swift; path = CampNode.swift; sourceTree = "<group>"; };
		732BD70C20D2A5E2004FBD59 /* RaceResultNode.swift */ = {isa = PBXFileReference; lastKnownFileType = sourcecode.swift; path = RaceResultNode.swift; sourceTree = "<group>"; };
		732BD70E20D2A6A2004FBD59 /* DayNode.swift */ = {isa = PBXFileReference; lastKnownFileType = sourcecode.swift; path = DayNode.swift; sourceTree = "<group>"; };
		732BD71020D2AAB5004FBD59 /* ParticipantRacesNode.swift */ = {isa = PBXFileReference; lastKnownFileType = sourcecode.swift; path = ParticipantRacesNode.swift; sourceTree = "<group>"; };
		732BD71220D2AB6D004FBD59 /* ParticipantTrainingNode.swift */ = {isa = PBXFileReference; lastKnownFileType = sourcecode.swift; path = ParticipantTrainingNode.swift; sourceTree = "<group>"; };
		732BD71420D2ABEA004FBD59 /* ParticipantCampNode.swift */ = {isa = PBXFileReference; lastKnownFileType = sourcecode.swift; path = ParticipantCampNode.swift; sourceTree = "<group>"; };
		732BD71620D2AD0F004FBD59 /* CampTrainingNode.swift */ = {isa = PBXFileReference; lastKnownFileType = sourcecode.swift; path = CampTrainingNode.swift; sourceTree = "<group>"; };
		732F4087210B17790037B555 /* StickyHeaderFlowLayout.swift */ = {isa = PBXFileReference; lastKnownFileType = sourcecode.swift; path = StickyHeaderFlowLayout.swift; sourceTree = "<group>"; };
		7331B718210081E1006392E1 /* TrainingDistribution.storyboard */ = {isa = PBXFileReference; lastKnownFileType = file.storyboard; path = TrainingDistribution.storyboard; sourceTree = "<group>"; };
		7331B71A21008789006392E1 /* TrainingDataProtocol.swift */ = {isa = PBXFileReference; lastKnownFileType = sourcecode.swift; path = TrainingDataProtocol.swift; sourceTree = "<group>"; };
		7331B71C21008EAB006392E1 /* TrainingDistributionViewController.swift */ = {isa = PBXFileReference; lastKnownFileType = sourcecode.swift; path = TrainingDistributionViewController.swift; sourceTree = "<group>"; };
		7331B71E21008F34006392E1 /* TrainingDataViewController.swift */ = {isa = PBXFileReference; lastKnownFileType = sourcecode.swift; path = TrainingDataViewController.swift; sourceTree = "<group>"; };
		73370FBA20D28CA60090755E /* CampParticipant+Extension.swift */ = {isa = PBXFileReference; lastKnownFileType = sourcecode.swift; path = "CampParticipant+Extension.swift"; sourceTree = "<group>"; };
		73370FBC20D296AB0090755E /* TreeNodeOLD.swift */ = {isa = PBXFileReference; lastKnownFileType = sourcecode.swift; path = TreeNodeOLD.swift; sourceTree = "<group>"; };
		73370FBE20D296CC0090755E /* TreeNodeImplementation.swift */ = {isa = PBXFileReference; lastKnownFileType = sourcecode.swift; path = TreeNodeImplementation.swift; sourceTree = "<group>"; };
		73370FC020D29B120090755E /* TreeNodeViewController.swift */ = {isa = PBXFileReference; lastKnownFileType = sourcecode.swift; path = TreeNodeViewController.swift; sourceTree = "<group>"; };
		73370FC220D29B5C0090755E /* Tree.storyboard */ = {isa = PBXFileReference; lastKnownFileType = file.storyboard; path = Tree.storyboard; sourceTree = "<group>"; };
		7337252C20D7F42400D7200E /* CampParticipantsTrainingDaysViewController.swift */ = {isa = PBXFileReference; lastKnownFileType = sourcecode.swift; path = CampParticipantsTrainingDaysViewController.swift; sourceTree = "<group>"; };
		733735EC20E54CF300931C43 /* Admin.storyboard */ = {isa = PBXFileReference; lastKnownFileType = file.storyboard; path = Admin.storyboard; sourceTree = "<group>"; };
		733735EE20E5545C00931C43 /* HallOfFame.storyboard */ = {isa = PBXFileReference; lastKnownFileType = file.storyboard; path = HallOfFame.storyboard; sourceTree = "<group>"; };
		733735F820E62D1400931C43 /* HallOfFameViewController.swift */ = {isa = PBXFileReference; lastKnownFileType = sourcecode.swift; path = HallOfFameViewController.swift; sourceTree = "<group>"; };
		733B7BDC20DEBF4F00916BD9 /* Ranker.swift */ = {isa = PBXFileReference; lastKnownFileType = sourcecode.swift; path = Ranker.swift; sourceTree = "<group>"; };
		733B7BDE20DED80E00916BD9 /* TrainingValuesProtocol.swift */ = {isa = PBXFileReference; lastKnownFileType = sourcecode.swift; path = TrainingValuesProtocol.swift; sourceTree = "<group>"; };
		7346381F20C6FFC800406C74 /* CampDays.storyboard */ = {isa = PBXFileReference; lastKnownFileType = file.storyboard; path = CampDays.storyboard; sourceTree = "<group>"; };
		7346382120C700C000406C74 /* CampViewControllerProtocol.swift */ = {isa = PBXFileReference; lastKnownFileType = sourcecode.swift; path = CampViewControllerProtocol.swift; sourceTree = "<group>"; };
		7346382320C700F500406C74 /* CampViewController.swift */ = {isa = PBXFileReference; lastKnownFileType = sourcecode.swift; path = CampViewController.swift; sourceTree = "<group>"; };
		7346382520C7029000406C74 /* CampsListViewController.swift */ = {isa = PBXFileReference; lastKnownFileType = sourcecode.swift; path = CampsListViewController.swift; sourceTree = "<group>"; };
		7346382720C7044000406C74 /* CampSplitViewController.swift */ = {isa = PBXFileReference; lastKnownFileType = sourcecode.swift; path = CampSplitViewController.swift; sourceTree = "<group>"; };
		7346382920C705F000406C74 /* CampsTabViewController.swift */ = {isa = PBXFileReference; lastKnownFileType = sourcecode.swift; path = CampsTabViewController.swift; sourceTree = "<group>"; };
		73479C2E20C796AE0098E7D9 /* Races.storyboard */ = {isa = PBXFileReference; lastKnownFileType = file.storyboard; path = Races.storyboard; sourceTree = "<group>"; };
		734C3D9E2100735900EBB54C /* BucketsViewController.swift */ = {isa = PBXFileReference; lastKnownFileType = sourcecode.swift; path = BucketsViewController.swift; sourceTree = "<group>"; };
		734F0C6221009BF1008504E4 /* TrainingDistributionGraphViewController.swift */ = {isa = PBXFileReference; lastKnownFileType = sourcecode.swift; path = TrainingDistributionGraphViewController.swift; sourceTree = "<group>"; };
		734F0C642100AA35008504E4 /* BucketGenerator.swift */ = {isa = PBXFileReference; lastKnownFileType = sourcecode.swift; path = BucketGenerator.swift; sourceTree = "<group>"; };
		7358FA8620DC35D8006889FA /* Rankable.swift */ = {isa = PBXFileReference; lastKnownFileType = sourcecode.swift; path = Rankable.swift; sourceTree = "<group>"; };
		7358FA8820DC3F9F006889FA /* RaceRanker.swift */ = {isa = PBXFileReference; lastKnownFileType = sourcecode.swift; path = RaceRanker.swift; sourceTree = "<group>"; };
		735CF5E320DBFD5A00A10340 /* RaceResultsViewControllerProtocol.swift */ = {isa = PBXFileReference; lastKnownFileType = sourcecode.swift; path = RaceResultsViewControllerProtocol.swift; sourceTree = "<group>"; };
		735CF5E520DBFD9F00A10340 /* RaceResultsViewController.swift */ = {isa = PBXFileReference; lastKnownFileType = sourcecode.swift; path = RaceResultsViewController.swift; sourceTree = "<group>"; };
		73653C5820C6D08E001A6E07 /* TrainingCamps.app */ = {isa = PBXFileReference; explicitFileType = wrapper.application; includeInIndex = 0; path = TrainingCamps.app; sourceTree = BUILT_PRODUCTS_DIR; };
		73653C5B20C6D08E001A6E07 /* AppDelegate.swift */ = {isa = PBXFileReference; lastKnownFileType = sourcecode.swift; path = AppDelegate.swift; sourceTree = "<group>"; };
		73653C5D20C6D08E001A6E07 /* ViewController.swift */ = {isa = PBXFileReference; lastKnownFileType = sourcecode.swift; path = ViewController.swift; sourceTree = "<group>"; };
		73653C6020C6D08E001A6E07 /* TrainingCamps.xcdatamodel */ = {isa = PBXFileReference; lastKnownFileType = wrapper.xcdatamodel; path = TrainingCamps.xcdatamodel; sourceTree = "<group>"; };
		73653C6220C6D08E001A6E07 /* Assets.xcassets */ = {isa = PBXFileReference; lastKnownFileType = folder.assetcatalog; path = Assets.xcassets; sourceTree = "<group>"; };
		73653C6520C6D08F001A6E07 /* Base */ = {isa = PBXFileReference; lastKnownFileType = file.storyboard; name = Base; path = Base.lproj/Main.storyboard; sourceTree = "<group>"; };
		73653C6720C6D08F001A6E07 /* Info.plist */ = {isa = PBXFileReference; lastKnownFileType = text.plist.xml; path = Info.plist; sourceTree = "<group>"; };
		73653C6820C6D08F001A6E07 /* TrainingCamps.entitlements */ = {isa = PBXFileReference; lastKnownFileType = text.plist.entitlements; path = TrainingCamps.entitlements; sourceTree = "<group>"; };
		73653C6E20C6D4D6001A6E07 /* CoreDataStack.swift */ = {isa = PBXFileReference; lastKnownFileType = sourcecode.swift; path = CoreDataStack.swift; sourceTree = "<group>"; };
		73653C7320C6DF63001A6E07 /* JSONImporter.swift */ = {isa = PBXFileReference; lastKnownFileType = sourcecode.swift; path = JSONImporter.swift; sourceTree = "<group>"; };
		73653C7520C6E027001A6E07 /* Date+Extension.swift */ = {isa = PBXFileReference; lastKnownFileType = sourcecode.swift; path = "Date+Extension.swift"; sourceTree = "<group>"; };
		73653C7720C6E1F1001A6E07 /* Enumerations.swift */ = {isa = PBXFileReference; lastKnownFileType = sourcecode.swift; path = Enumerations.swift; sourceTree = "<group>"; };
		7365EE3920C7179A00E1A4EB /* CampDaysSplitViewController.swift */ = {isa = PBXFileReference; lastKnownFileType = sourcecode.swift; path = CampDaysSplitViewController.swift; sourceTree = "<group>"; };
		7366C5B520E02CB0006F9C82 /* TreeNode.swift */ = {isa = PBXFileReference; lastKnownFileType = sourcecode.swift; path = TreeNode.swift; sourceTree = "<group>"; };
		7366C5B920E047B2006F9C82 /* TreeNodeSum.swift */ = {isa = PBXFileReference; lastKnownFileType = sourcecode.swift; path = TreeNodeSum.swift; sourceTree = "<group>"; };
		7366C5BB20E04974006F9C82 /* TreeNodeAverage.swift */ = {isa = PBXFileReference; lastKnownFileType = sourcecode.swift; path = TreeNodeAverage.swift; sourceTree = "<group>"; };
		73789B2920FE3BA40019695D /* DistributionGraph.swift */ = {isa = PBXFileReference; lastKnownFileType = sourcecode.swift; path = DistributionGraph.swift; sourceTree = "<group>"; };
		73789B2B20FE4A2F0019695D /* RaceResultsDistribution.storyboard */ = {isa = PBXFileReference; lastKnownFileType = file.storyboard; path = RaceResultsDistribution.storyboard; sourceTree = "<group>"; };
		73789B2D20FE56B80019695D /* RaceResultsDistributionSplitViewController.swift */ = {isa = PBXFileReference; lastKnownFileType = sourcecode.swift; path = RaceResultsDistributionSplitViewController.swift; sourceTree = "<group>"; };
		737FD9EE210DBA7E00F17632 /* HallOfFameFooterView.swift */ = {isa = PBXFileReference; lastKnownFileType = sourcecode.swift; path = HallOfFameFooterView.swift; sourceTree = "<group>"; };
		737FD9F0210DBAA300F17632 /* HallOfFameFooterView.xib */ = {isa = PBXFileReference; lastKnownFileType = file.xib; path = HallOfFameFooterView.xib; sourceTree = "<group>"; };
		73811D2A20D2B0BD009D946F /* CampRacingNode.swift */ = {isa = PBXFileReference; lastKnownFileType = sourcecode.swift; path = CampRacingNode.swift; sourceTree = "<group>"; };
		7384573020E388DA00155EB6 /* Maths.swift */ = {isa = PBXFileReference; lastKnownFileType = sourcecode.swift; path = Maths.swift; sourceTree = "<group>"; };
		7384573420E3AAA100155EB6 /* ParticipantFilterCombBox.swift */ = {isa = PBXFileReference; lastKnownFileType = sourcecode.swift; path = ParticipantFilterCombBox.swift; sourceTree = "<group>"; };
		73944A3C20DBA8CC00835D07 /* DayViewControllerProtocol.swift */ = {isa = PBXFileReference; lastKnownFileType = sourcecode.swift; path = DayViewControllerProtocol.swift; sourceTree = "<group>"; };
		73944A3E20DBAE0700835D07 /* CampParticipantViewControllerProtocol.swift */ = {isa = PBXFileReference; lastKnownFileType = sourcecode.swift; path = CampParticipantViewControllerProtocol.swift; sourceTree = "<group>"; };
		73944A4020DBAFC000835D07 /* CampParticipantSplitViewController.swift */ = {isa = PBXFileReference; lastKnownFileType = sourcecode.swift; path = CampParticipantSplitViewController.swift; sourceTree = "<group>"; };
		739A3CD920DBF1170069542C /* RaceDefinitionViewControllerProtocol.swift */ = {isa = PBXFileReference; lastKnownFileType = sourcecode.swift; path = RaceDefinitionViewControllerProtocol.swift; sourceTree = "<group>"; };
		739A3CDB20DBF2740069542C /* RaceDefinitionListViewController.swift */ = {isa = PBXFileReference; lastKnownFileType = sourcecode.swift; path = RaceDefinitionListViewController.swift; sourceTree = "<group>"; };
		739B6D4A20E4E77A006C5DF0 /* ParticipantEddingtonNumbers.storyboard */ = {isa = PBXFileReference; lastKnownFileType = file.storyboard; path = ParticipantEddingtonNumbers.storyboard; sourceTree = "<group>"; };
		739B6D4C20E4E815006C5DF0 /* ParticipantEddingtonNumbersViewController.swift */ = {isa = PBXFileReference; lastKnownFileType = sourcecode.swift; path = ParticipantEddingtonNumbersViewController.swift; sourceTree = "<group>"; };
		739B6D5020E4E85D006C5DF0 /* ParticipantViewControllerProtocol.swift */ = {isa = PBXFileReference; lastKnownFileType = sourcecode.swift; path = ParticipantViewControllerProtocol.swift; sourceTree = "<group>"; };
		739B6D5220E4EDFA006C5DF0 /* Participant.storyboard */ = {isa = PBXFileReference; lastKnownFileType = file.storyboard; path = Participant.storyboard; sourceTree = "<group>"; };
		739B6D5420E4EE7C006C5DF0 /* ParticipantSplitViewController.swift */ = {isa = PBXFileReference; lastKnownFileType = sourcecode.swift; path = ParticipantSplitViewController.swift; sourceTree = "<group>"; };
		739B6D5620E4FA4C006C5DF0 /* AllParticipantsEddingtonNumbersViewController.swift */ = {isa = PBXFileReference; lastKnownFileType = sourcecode.swift; path = AllParticipantsEddingtonNumbersViewController.swift; sourceTree = "<group>"; };
		739D5AC0210258C3007E3B00 /* FixedNumberOfBucketsBucketGenerator.swift */ = {isa = PBXFileReference; lastKnownFileType = sourcecode.swift; path = FixedNumberOfBucketsBucketGenerator.swift; sourceTree = "<group>"; };
		739D5AC22102590B007E3B00 /* FixedWidthBucketGenerator.swift */ = {isa = PBXFileReference; lastKnownFileType = sourcecode.swift; path = FixedWidthBucketGenerator.swift; sourceTree = "<group>"; };
		739F39FD20E639280068B350 /* HallOfFameResult.swift */ = {isa = PBXFileReference; lastKnownFileType = sourcecode.swift; path = HallOfFameResult.swift; sourceTree = "<group>"; };
		739F39FF20E63FBC0068B350 /* HallOfFameViewItem.swift */ = {isa = PBXFileReference; lastKnownFileType = sourcecode.swift; path = HallOfFameViewItem.swift; sourceTree = "<group>"; };
		739F3A0020E63FBC0068B350 /* HallOfFameViewItem.xib */ = {isa = PBXFileReference; lastKnownFileType = file.xib; path = HallOfFameViewItem.xib; sourceTree = "<group>"; };
		73A1FE4020D98E210072847B /* CampRacesViewController.swift */ = {isa = PBXFileReference; lastKnownFileType = sourcecode.swift; path = CampRacesViewController.swift; sourceTree = "<group>"; };
		73A7DE0B20EA52AB001166B0 /* HallOfFameEddingtonNumbersViewController.swift */ = {isa = PBXFileReference; lastKnownFileType = sourcecode.swift; path = HallOfFameEddingtonNumbersViewController.swift; sourceTree = "<group>"; };
		73A7DE0F20EA7770001166B0 /* TreeNodeGenerator.swift */ = {isa = PBXFileReference; lastKnownFileType = sourcecode.swift; path = TreeNodeGenerator.swift; sourceTree = "<group>"; };
		73A7DE1120EA7914001166B0 /* CampGroupTreeNodeGenerator.swift */ = {isa = PBXFileReference; lastKnownFileType = sourcecode.swift; path = CampGroupTreeNodeGenerator.swift; sourceTree = "<group>"; };
		73A84B3420DF9BCF00506236 /* CampAthleteList.storyboard */ = {isa = PBXFileReference; lastKnownFileType = file.storyboard; path = CampAthleteList.storyboard; sourceTree = "<group>"; };
		73A84B3620DF9DC500506236 /* CampAthleteListSplitViewController.swift */ = {isa = PBXFileReference; lastKnownFileType = sourcecode.swift; path = CampAthleteListSplitViewController.swift; sourceTree = "<group>"; };
		73A84B3820DF9F7C00506236 /* CampAthletesDays.storyboard */ = {isa = PBXFileReference; lastKnownFileType = file.storyboard; path = CampAthletesDays.storyboard; sourceTree = "<group>"; };
		73A84B3A20DFA2B400506236 /* RaceResultsSplitViewController.swift */ = {isa = PBXFileReference; lastKnownFileType = sourcecode.swift; path = RaceResultsSplitViewController.swift; sourceTree = "<group>"; };
		73A9401420ECFDFC004D6EA5 /* CSVExporter.swift */ = {isa = PBXFileReference; lastKnownFileType = sourcecode.swift; path = CSVExporter.swift; sourceTree = "<group>"; };
		73AA4EC320D26227004B05B8 /* Day+Extension.swift */ = {isa = PBXFileReference; lastKnownFileType = sourcecode.swift; path = "Day+Extension.swift"; sourceTree = "<group>"; };
		73AA945020D271BC00CA2CAB /* ParticipantDayNode.swift */ = {isa = PBXFileReference; lastKnownFileType = sourcecode.swift; path = ParticipantDayNode.swift; sourceTree = "<group>"; };
		73AA945220D2735F00CA2CAB /* ParticipantRaceResultNode.swift */ = {isa = PBXFileReference; lastKnownFileType = sourcecode.swift; path = ParticipantRaceResultNode.swift; sourceTree = "<group>"; };
		73B58E4020FEF384001CA7D0 /* RaceResultsGraphViewController.swift */ = {isa = PBXFileReference; lastKnownFileType = sourcecode.swift; path = RaceResultsGraphViewController.swift; sourceTree = "<group>"; };
		73B6D91A20EB43B400E88392 /* et_final_Transparent.jpg */ = {isa = PBXFileReference; lastKnownFileType = image.jpeg; path = et_final_Transparent.jpg; sourceTree = "<group>"; };
		73B6D91C20EB487F00E88392 /* CompletionCertificatePDF.swift */ = {isa = PBXFileReference; lastKnownFileType = sourcecode.swift; path = CompletionCertificatePDF.swift; sourceTree = "<group>"; };
		73B6D91E20EB749D00E88392 /* CompletionCertificates.storyboard */ = {isa = PBXFileReference; lastKnownFileType = file.storyboard; path = CompletionCertificates.storyboard; sourceTree = "<group>"; };
		73B6D92020EB76F000E88392 /* CompletionCertificatesSplitViewController.swift */ = {isa = PBXFileReference; lastKnownFileType = sourcecode.swift; path = CompletionCertificatesSplitViewController.swift; sourceTree = "<group>"; };
		73B6D92220EB77D800E88392 /* CampCompletionCertificationViewController.swift */ = {isa = PBXFileReference; lastKnownFileType = sourcecode.swift; path = CampCompletionCertificationViewController.swift; sourceTree = "<group>"; };
		73B6D92420EB789E00E88392 /* CampCompletionListViewController.swift */ = {isa = PBXFileReference; lastKnownFileType = sourcecode.swift; path = CampCompletionListViewController.swift; sourceTree = "<group>"; };
		73B8276C20C84AD400E33064 /* Participant+Extension.swift */ = {isa = PBXFileReference; lastKnownFileType = sourcecode.swift; path = "Participant+Extension.swift"; sourceTree = "<group>"; };
		73BC9FC320D926CA0077AC7E /* ParticipantCampDaysViewController.swift */ = {isa = PBXFileReference; lastKnownFileType = sourcecode.swift; path = ParticipantCampDaysViewController.swift; sourceTree = "<group>"; };
		73C9741320E3E1C7004DD350 /* ParticipantDayTreeNode.swift */ = {isa = PBXFileReference; lastKnownFileType = sourcecode.swift; path = ParticipantDayTreeNode.swift; sourceTree = "<group>"; };
		73C9741520E3E4EB004DD350 /* RaceResultTreeNode.swift */ = {isa = PBXFileReference; lastKnownFileType = sourcecode.swift; path = RaceResultTreeNode.swift; sourceTree = "<group>"; };
		73C9741720E3F87B004DD350 /* ParticipantFilterPopUp.swift */ = {isa = PBXFileReference; lastKnownFileType = sourcecode.swift; path = ParticipantFilterPopUp.swift; sourceTree = "<group>"; };
		73D8CB6220C7DF4E00F7D322 /* RacesSplitViewController.swift */ = {isa = PBXFileReference; lastKnownFileType = sourcecode.swift; path = RacesSplitViewController.swift; sourceTree = "<group>"; };
		73D8CB6420C8200500F7D322 /* Participants.storyboard */ = {isa = PBXFileReference; lastKnownFileType = file.storyboard; path = Participants.storyboard; sourceTree = "<group>"; };
		73D8CB6620C8202500F7D322 /* CampGroupViewControllerProtocol.swift */ = {isa = PBXFileReference; lastKnownFileType = sourcecode.swift; path = CampGroupViewControllerProtocol.swift; sourceTree = "<group>"; };
		73D8CB6820C8205800F7D322 /* CampGroupViewController.swift */ = {isa = PBXFileReference; lastKnownFileType = sourcecode.swift; path = CampGroupViewController.swift; sourceTree = "<group>"; };
		73D8CB6A20C820AE00F7D322 /* CampGroupSplitViewController.swift */ = {isa = PBXFileReference; lastKnownFileType = sourcecode.swift; path = CampGroupSplitViewController.swift; sourceTree = "<group>"; };
		73D8CB6C20C825BE00F7D322 /* ParticipantsSplitViewController.swift */ = {isa = PBXFileReference; lastKnownFileType = sourcecode.swift; path = ParticipantsSplitViewController.swift; sourceTree = "<group>"; };
		73D8CB6E20C8491B00F7D322 /* CampGroup+Extension.swift */ = {isa = PBXFileReference; lastKnownFileType = sourcecode.swift; path = "CampGroup+Extension.swift"; sourceTree = "<group>"; };
		73D8FFE620E13FE80033A2B2 /* TreeOrderComboBox.swift */ = {isa = PBXFileReference; lastKnownFileType = sourcecode.swift; path = TreeOrderComboBox.swift; sourceTree = "<group>"; };
		73D9162120EA316400891C36 /* HallfOfFameTrainingViewController.swift */ = {isa = PBXFileReference; lastKnownFileType = sourcecode.swift; path = HallfOfFameTrainingViewController.swift; sourceTree = "<group>"; };
		73D9254820EAB90A00BE3D5C /* OpenAndSaveDialogues.swift */ = {isa = PBXFileReference; lastKnownFileType = sourcecode.swift; path = OpenAndSaveDialogues.swift; sourceTree = "<group>"; };
		73F068E720D373A8001890CB /* CampParticipants.storyboard */ = {isa = PBXFileReference; lastKnownFileType = file.storyboard; path = CampParticipants.storyboard; sourceTree = "<group>"; };
		73F068E920D37484001890CB /* CampParticipantsSplitViewController.swift */ = {isa = PBXFileReference; lastKnownFileType = sourcecode.swift; path = CampParticipantsSplitViewController.swift; sourceTree = "<group>"; };
		73F0CAFC20DD13F50073D63B /* Rank+Extension.swift */ = {isa = PBXFileReference; lastKnownFileType = sourcecode.swift; path = "Rank+Extension.swift"; sourceTree = "<group>"; };
		73F4F46D20DA755F00A5629B /* RaceViewControllerProtocol.swift */ = {isa = PBXFileReference; lastKnownFileType = sourcecode.swift; path = RaceViewControllerProtocol.swift; sourceTree = "<group>"; };
		73F8AB8520D5264500B86159 /* TreeToggler.swift */ = {isa = PBXFileReference; lastKnownFileType = sourcecode.swift; path = TreeToggler.swift; sourceTree = "<group>"; };
		73F8AB8720D640AF00B86159 /* CampParticipantsListViewController.swift */ = {isa = PBXFileReference; lastKnownFileType = sourcecode.swift; path = CampParticipantsListViewController.swift; sourceTree = "<group>"; };
		73F8AB8920D765BA00B86159 /* GenderComboBox.swift */ = {isa = PBXFileReference; lastKnownFileType = sourcecode.swift; path = GenderComboBox.swift; sourceTree = "<group>"; };
		73F8AB8B20D78D7C00B86159 /* CoachComboBox.swift */ = {isa = PBXFileReference; lastKnownFileType = sourcecode.swift; path = CoachComboBox.swift; sourceTree = "<group>"; };
		73F8AB8D20D78DC200B86159 /* CoachingRelationshipComboBox.swift */ = {isa = PBXFileReference; lastKnownFileType = sourcecode.swift; path = CoachingRelationshipComboBox.swift; sourceTree = "<group>"; };
		73F8AB8F20D7C87900B86159 /* RoleComboBox.swift */ = {isa = PBXFileReference; lastKnownFileType = sourcecode.swift; path = RoleComboBox.swift; sourceTree = "<group>"; };
		73FC660F20E0B7C80019F964 /* TreeGenerator.swift */ = {isa = PBXFileReference; lastKnownFileType = sourcecode.swift; path = TreeGenerator.swift; sourceTree = "<group>"; };
		73FC661120E0BB5C0019F964 /* TreeNodeEditable.swift */ = {isa = PBXFileReference; lastKnownFileType = sourcecode.swift; path = TreeNodeEditable.swift; sourceTree = "<group>"; };
		73FD6D1120D91FEF000A821D /* CampDaysViewController.swift */ = {isa = PBXFileReference; lastKnownFileType = sourcecode.swift; path = CampDaysViewController.swift; sourceTree = "<group>"; };
		73FDF5C920DC020800A9A5B9 /* RaceResults.storyboard */ = {isa = PBXFileReference; lastKnownFileType = file.storyboard; path = RaceResults.storyboard; sourceTree = "<group>"; };
		73FDF5CB20DC060A00A9A5B9 /* SingleRaceResults.storyboard */ = {isa = PBXFileReference; lastKnownFileType = file.storyboard; path = SingleRaceResults.storyboard; sourceTree = "<group>"; };
		73FDF5CD20DC06A000A9A5B9 /* SingleRaceResultsViewController.swift */ = {isa = PBXFileReference; lastKnownFileType = sourcecode.swift; path = SingleRaceResultsViewController.swift; sourceTree = "<group>"; };
/* End PBXFileReference section */

/* Begin PBXFrameworksBuildPhase section */
		73653C5520C6D08E001A6E07 /* Frameworks */ = {
			isa = PBXFrameworksBuildPhase;
			buildActionMask = 2147483647;
			files = (
			);
			runOnlyForDeploymentPostprocessing = 0;
		};
/* End PBXFrameworksBuildPhase section */

/* Begin PBXGroup section */
		7305E98620D164C8001748D5 /* Storyboards */ = {
			isa = PBXGroup;
			children = (
				733735EC20E54CF300931C43 /* Admin.storyboard */,
				7320566221006F8D00499947 /* Buckets.storyboard */,
				73A84B3420DF9BCF00506236 /* CampAthleteList.storyboard */,
				73A84B3820DF9F7C00506236 /* CampAthletesDays.storyboard */,
				7346381F20C6FFC800406C74 /* CampDays.storyboard */,
				73F068E720D373A8001890CB /* CampParticipants.storyboard */,
				7305E98720D1650A001748D5 /* Camps.storyboard */,
				731E7BD820D1C25500AA00F5 /* CampTypes.storyboard */,
				73B6D91E20EB749D00E88392 /* CompletionCertificates.storyboard */,
				7314EF8220E4C89E0032176F /* EddingtonNumbers.storyboard */,
				733735EE20E5545C00931C43 /* HallOfFame.storyboard */,
				732F4087210B17790037B555 /* StickyHeaderFlowLayout.swift */,
				737FD9EE210DBA7E00F17632 /* HallOfFameFooterView.swift */,
				730BE08820E6588400FA86FD /* HallOfFameHeaderView.swift */,
				730BE08420E656F400FA86FD /* HallOfFameHeaderView.xib */,
				737FD9F0210DBAA300F17632 /* HallOfFameFooterView.xib */,
				739F3A0020E63FBC0068B350 /* HallOfFameViewItem.xib */,
				731E7BD620D1C13600AA00F5 /* Locations.storyboard */,
				73653C6420C6D08F001A6E07 /* Main.storyboard */,
				739B6D5220E4EDFA006C5DF0 /* Participant.storyboard */,
				739B6D4A20E4E77A006C5DF0 /* ParticipantEddingtonNumbers.storyboard */,
				73D8CB6420C8200500F7D322 /* Participants.storyboard */,
				7305E97A20D03D5E001748D5 /* RaceDefinition.storyboard */,
				73FDF5C920DC020800A9A5B9 /* RaceResults.storyboard */,
				73789B2B20FE4A2F0019695D /* RaceResultsDistribution.storyboard */,
				73479C2E20C796AE0098E7D9 /* Races.storyboard */,
				731BDFB720DF75F3006A0A8F /* Rankings.storyboard */,
				73FDF5CB20DC060A00A9A5B9 /* SingleRaceResults.storyboard */,
				7331B718210081E1006392E1 /* TrainingDistribution.storyboard */,
				73370FC220D29B5C0090755E /* Tree.storyboard */,
			);
			path = Storyboards;
			sourceTree = "<group>";
		};
		7305E98B20D1662E001748D5 /* Camp Group */ = {
			isa = PBXGroup;
			children = (
				739B6D5620E4FA4C006C5DF0 /* AllParticipantsEddingtonNumbersViewController.swift */,
				734C3D9E2100735900EBB54C /* BucketsViewController.swift */,
				7305E99020D17380001748D5 /* CampGroupListViewController.swift */,
				73D8CB6A20C820AE00F7D322 /* CampGroupSplitViewController.swift */,
				7305E98E20D167B7001748D5 /* CampGroupTabViewController.swift */,
				73D8CB6820C8205800F7D322 /* CampGroupViewController.swift */,
				73D8CB6620C8202500F7D322 /* CampGroupViewControllerProtocol.swift */,
				73018FC0210301EA00A6A7BC /* DistributionSelectionViewController.swift */,
				7314EF8420E4CBC30032176F /* EddingtonNumberViewController.swift */,
				73D9162120EA316400891C36 /* HallfOfFameTrainingViewController.swift */,
				73A7DE0B20EA52AB001166B0 /* HallOfFameEddingtonNumbersViewController.swift */,
				739F39FD20E639280068B350 /* HallOfFameResult.swift */,
				733735F820E62D1400931C43 /* HallOfFameViewController.swift */,
				739F39FF20E63FBC0068B350 /* HallOfFameViewItem.swift */,
				73018FC2210309E600A6A7BC /* NormalDistributionViewControllerProtocol.swift */,
				739B6D4C20E4E815006C5DF0 /* ParticipantEddingtonNumbersViewController.swift */,
				7305E99620D18DB6001748D5 /* ParticipantListViewController.swift */,
				739B6D5420E4EE7C006C5DF0 /* ParticipantSplitViewController.swift */,
				73D8CB6C20C825BE00F7D322 /* ParticipantsSplitViewController.swift */,
				739B6D5020E4E85D006C5DF0 /* ParticipantViewControllerProtocol.swift */,
				7321488E20DD408F00C0974C /* RaceDefinitionDescriptionsViewController.swift */,
				739A3CDB20DBF2740069542C /* RaceDefinitionListViewController.swift */,
				7305E97C20D06C1B001748D5 /* RaceDefinitionSplitViewController.swift */,
				73018FC421030BEA00A6A7BC /* RaceResultsGraphSplitViewController.swift */,
				73789B2D20FE56B80019695D /* RaceResultsDistributionSplitViewController.swift */,
				73B58E4020FEF384001CA7D0 /* RaceResultsGraphViewController.swift */,
				73A84B3A20DFA2B400506236 /* RaceResultsSplitViewController.swift */,
				735CF5E520DBFD9F00A10340 /* RaceResultsViewController.swift */,
				73FDF5CD20DC06A000A9A5B9 /* SingleRaceResultsViewController.swift */,
				7331B71E21008F34006392E1 /* TrainingDataViewController.swift */,
				734F0C6221009BF1008504E4 /* TrainingDistributionGraphViewController.swift */,
				7331B71C21008EAB006392E1 /* TrainingDistributionViewController.swift */,
			);
			path = "Camp Group";
			sourceTree = "<group>";
		};
		7305E98C20D1663A001748D5 /* Camp */ = {
			isa = PBXGroup;
			children = (
				7346382920C705F000406C74 /* CampsTabViewController.swift */,
				7346382720C7044000406C74 /* CampSplitViewController.swift */,
				73B6D92020EB76F000E88392 /* CompletionCertificatesSplitViewController.swift */,
				73B6D92220EB77D800E88392 /* CampCompletionCertificationViewController.swift */,
				73F068E920D37484001890CB /* CampParticipantsSplitViewController.swift */,
				73944A4020DBAFC000835D07 /* CampParticipantSplitViewController.swift */,
				7309930220DBB20D00906DD9 /* CampParticipantsRacesViewController.swift */,
				73A1FE4020D98E210072847B /* CampRacesViewController.swift */,
				73B6D92420EB789E00E88392 /* CampCompletionListViewController.swift */,
				73F8AB8720D640AF00B86159 /* CampParticipantsListViewController.swift */,
				73A84B3620DF9DC500506236 /* CampAthleteListSplitViewController.swift */,
				7337252C20D7F42400D7200E /* CampParticipantsTrainingDaysViewController.swift */,
				7346382520C7029000406C74 /* CampsListViewController.swift */,
				73D8CB6220C7DF4E00F7D322 /* RacesSplitViewController.swift */,
				7365EE3920C7179A00E1A4EB /* CampDaysSplitViewController.swift */,
				7312BA4820DF8616006B7A67 /* CampDaySplitViewController.swift */,
				73FD6D1120D91FEF000A821D /* CampDaysViewController.swift */,
				73BC9FC320D926CA0077AC7E /* ParticipantCampDaysViewController.swift */,
				731A245020DA47830060E726 /* CampRaceResultViewController.swift */,
				7346382320C700F500406C74 /* CampViewController.swift */,
				73370FC020D29B120090755E /* TreeNodeViewController.swift */,
				73F8AB8520D5264500B86159 /* TreeToggler.swift */,
			);
			path = Camp;
			sourceTree = "<group>";
		};
		7305E98D20D16640001748D5 /* Data Model */ = {
			isa = PBXGroup;
			children = (
				732BD70B20D2A548004FBD59 /* Extensions */,
				732BD70A20D2A51B004FBD59 /* Tree */,
				73653C7320C6DF63001A6E07 /* JSONImporter.swift */,
				73653C6E20C6D4D6001A6E07 /* CoreDataStack.swift */,
				73653C7720C6E1F1001A6E07 /* Enumerations.swift */,
				7358FA8820DC3F9F006889FA /* RaceRanker.swift */,
				730B6B0D20DE244000274CA6 /* TrainingRanker.swift */,
				73A9401420ECFDFC004D6EA5 /* CSVExporter.swift */,
				733B7BDC20DEBF4F00916BD9 /* Ranker.swift */,
				7358FA8620DC35D8006889FA /* Rankable.swift */,
				73653C5F20C6D08E001A6E07 /* TrainingCamps.xcdatamodeld */,
				7320566421006FBE00499947 /* Bucket.swift */,
				734F0C642100AA35008504E4 /* BucketGenerator.swift */,
				739D5AC0210258C3007E3B00 /* FixedNumberOfBucketsBucketGenerator.swift */,
				739D5AC22102590B007E3B00 /* FixedWidthBucketGenerator.swift */,
			);
			path = "Data Model";
			sourceTree = "<group>";
		};
		732BD70A20D2A51B004FBD59 /* Tree */ = {
			isa = PBXGroup;
			children = (
				73370FBC20D296AB0090755E /* TreeNodeOLD.swift */,
				7366C5B520E02CB0006F9C82 /* TreeNode.swift */,
				73FC661120E0BB5C0019F964 /* TreeNodeEditable.swift */,
				73370FBE20D296CC0090755E /* TreeNodeImplementation.swift */,
				73C9741320E3E1C7004DD350 /* ParticipantDayTreeNode.swift */,
				73C9741520E3E4EB004DD350 /* RaceResultTreeNode.swift */,
				73AA945020D271BC00CA2CAB /* ParticipantDayNode.swift */,
				7366C5B920E047B2006F9C82 /* TreeNodeSum.swift */,
				7366C5BB20E04974006F9C82 /* TreeNodeAverage.swift */,
				73FC660F20E0B7C80019F964 /* TreeGenerator.swift */,
				73279D8A20EAA37900B8E575 /* TreeGeneratorParticipant.swift */,
				732BD70820D2A4A1004FBD59 /* CampNode.swift */,
				732BD71420D2ABEA004FBD59 /* ParticipantCampNode.swift */,
				73A7DE1120EA7914001166B0 /* CampGroupTreeNodeGenerator.swift */,
				73279D8820EA7B2B00B8E575 /* CampArrayTreeNodeGenerator.swift */,
				73AA945220D2735F00CA2CAB /* ParticipantRaceResultNode.swift */,
				732BD71020D2AAB5004FBD59 /* ParticipantRacesNode.swift */,
				732BD71220D2AB6D004FBD59 /* ParticipantTrainingNode.swift */,
				732BD71620D2AD0F004FBD59 /* CampTrainingNode.swift */,
				73811D2A20D2B0BD009D946F /* CampRacingNode.swift */,
				732BD70C20D2A5E2004FBD59 /* RaceResultNode.swift */,
				732BD70E20D2A6A2004FBD59 /* DayNode.swift */,
			);
			path = Tree;
			sourceTree = "<group>";
		};
		732BD70B20D2A548004FBD59 /* Extensions */ = {
			isa = PBXGroup;
			children = (
				7305E99220D17BB8001748D5 /* ParticipantDay+Extension.swift */,
				73B8276C20C84AD400E33064 /* Participant+Extension.swift */,
				731E7BD420D1C0FE00AA00F5 /* CampType+Extension.swift */,
				731E7BD220D1C0D300AA00F5 /* Location+Extension.swift */,
				73D8CB6E20C8491B00F7D322 /* CampGroup+Extension.swift */,
				7314EF8620E4D1F10032176F /* EddingtonNumber+Extension.swift */,
				731E7BCC20D1AAE600AA00F5 /* RaceDefinition+Extension.swift */,
				73F0CAFC20DD13F50073D63B /* Rank+Extension.swift */,
				73370FBA20D28CA60090755E /* CampParticipant+Extension.swift */,
				73AA4EC320D26227004B05B8 /* Day+Extension.swift */,
				731E7BDA20D2544A00AA00F5 /* RaceResult+Extension.swift */,
				731E7BD020D1BBCA00AA00F5 /* Camp+Extension.swift */,
				731E7BCE20D1ADD200AA00F5 /* Race+Extension.swift */,
			);
			path = Extensions;
			sourceTree = "<group>";
		};
		73653C4F20C6D08E001A6E07 = {
			isa = PBXGroup;
			children = (
				73653C5920C6D08E001A6E07 /* Products */,
				73653C5A20C6D08E001A6E07 /* TrainingCamps */,
			);
			sourceTree = "<group>";
		};
		73653C5920C6D08E001A6E07 /* Products */ = {
			isa = PBXGroup;
			children = (
				73653C5820C6D08E001A6E07 /* TrainingCamps.app */,
			);
			name = Products;
			sourceTree = "<group>";
		};
		73653C5A20C6D08E001A6E07 /* TrainingCamps */ = {
			isa = PBXGroup;
			children = (
				73653C5B20C6D08E001A6E07 /* AppDelegate.swift */,
				73653C6220C6D08E001A6E07 /* Assets.xcassets */,
				73B6D91A20EB43B400E88392 /* et_final_Transparent.jpg */,
				7305E98C20D1663A001748D5 /* Camp */,
				7305E98B20D1662E001748D5 /* Camp Group */,
				73F8AB8B20D78D7C00B86159 /* CoachComboBox.swift */,
				73F8AB8D20D78DC200B86159 /* CoachingRelationshipComboBox.swift */,
				7305E98D20D16640001748D5 /* Data Model */,
				73653C7220C6DE09001A6E07 /* From Training Diary */,
				73F8AB8920D765BA00B86159 /* GenderComboBox.swift */,
				73653C6720C6D08F001A6E07 /* Info.plist */,
				731A244C20DA0C0F0060E726 /* PointsMethodComboBox.swift */,
				73944A3B20DBA8AD00835D07 /* Protocols */,
				731A244E20DA3AAF0060E726 /* RaceCompletionStatusComboBox.swift */,
				7321489220DD486F00C0974C /* RaceTypeComboBox.swift */,
				731BDFB920DF7822006A0A8F /* RankingsViewController.swift */,
				73F8AB8F20D7C87900B86159 /* RoleComboBox.swift */,
				73C9741720E3F87B004DD350 /* ParticipantFilterPopUp.swift */,
				7384573420E3AAA100155EB6 /* ParticipantFilterCombBox.swift */,
				73D8FFE620E13FE80033A2B2 /* TreeOrderComboBox.swift */,
				7305E98620D164C8001748D5 /* Storyboards */,
				73653C6820C6D08F001A6E07 /* TrainingCamps.entitlements */,
				73653C5D20C6D08E001A6E07 /* ViewController.swift */,
				73B6D91C20EB487F00E88392 /* CompletionCertificatePDF.swift */,
				73789B2920FE3BA40019695D /* DistributionGraph.swift */,
			);
			path = TrainingCamps;
			sourceTree = "<group>";
		};
		73653C7220C6DE09001A6E07 /* From Training Diary */ = {
			isa = PBXGroup;
			children = (
				73653C7520C6E027001A6E07 /* Date+Extension.swift */,
				7305E99420D17FFA001748D5 /* TransformerNSNumberToTimeFormat.swift */,
				73D9254820EAB90A00BE3D5C /* OpenAndSaveDialogues.swift */,
				7384573020E388DA00155EB6 /* Maths.swift */,
				7321489020DD459A00C0974C /* TextViewToStringTransformer.swift */,
			);
			path = "From Training Diary";
			sourceTree = "<group>";
		};
		73944A3B20DBA8AD00835D07 /* Protocols */ = {
			isa = PBXGroup;
			children = (
				7346382120C700C000406C74 /* CampViewControllerProtocol.swift */,
				73F4F46D20DA755F00A5629B /* RaceViewControllerProtocol.swift */,
				73944A3C20DBA8CC00835D07 /* DayViewControllerProtocol.swift */,
				73A7DE0F20EA7770001166B0 /* TreeNodeGenerator.swift */,
				73279D8620EA7AC100B8E575 /* TreeGeneratorViewControllerProtocol.swift */,
				7331B71A21008789006392E1 /* TrainingDataProtocol.swift */,
				733B7BDE20DED80E00916BD9 /* TrainingValuesProtocol.swift */,
				739A3CD920DBF1170069542C /* RaceDefinitionViewControllerProtocol.swift */,
				7312BA4C20DF8837006B7A67 /* RankingsViewControllerProtocol.swift */,
				735CF5E320DBFD5A00A10340 /* RaceResultsViewControllerProtocol.swift */,
				73944A3E20DBAE0700835D07 /* CampParticipantViewControllerProtocol.swift */,
			);
			path = Protocols;
			sourceTree = "<group>";
		};
/* End PBXGroup section */

/* Begin PBXNativeTarget section */
		73653C5720C6D08E001A6E07 /* TrainingCamps */ = {
			isa = PBXNativeTarget;
			buildConfigurationList = 73653C6B20C6D08F001A6E07 /* Build configuration list for PBXNativeTarget "TrainingCamps" */;
			buildPhases = (
				73653C5420C6D08E001A6E07 /* Sources */,
				73653C5520C6D08E001A6E07 /* Frameworks */,
				73653C5620C6D08E001A6E07 /* Resources */,
			);
			buildRules = (
			);
			dependencies = (
			);
			name = TrainingCamps;
			productName = TrainingCamps;
			productReference = 73653C5820C6D08E001A6E07 /* TrainingCamps.app */;
			productType = "com.apple.product-type.application";
		};
/* End PBXNativeTarget section */

/* Begin PBXProject section */
		73653C5020C6D08E001A6E07 /* Project object */ = {
			isa = PBXProject;
			attributes = {
				LastSwiftUpdateCheck = 0900;
				LastUpgradeCheck = 0900;
				ORGANIZATIONNAME = "Steven Lord";
				TargetAttributes = {
					73653C5720C6D08E001A6E07 = {
						CreatedOnToolsVersion = 9.0;
						ProvisioningStyle = Automatic;
					};
				};
			};
			buildConfigurationList = 73653C5320C6D08E001A6E07 /* Build configuration list for PBXProject "TrainingCamps" */;
			compatibilityVersion = "Xcode 8.0";
			developmentRegion = en;
			hasScannedForEncodings = 0;
			knownRegions = (
				en,
				Base,
			);
			mainGroup = 73653C4F20C6D08E001A6E07;
			productRefGroup = 73653C5920C6D08E001A6E07 /* Products */;
			projectDirPath = "";
			projectRoot = "";
			targets = (
				73653C5720C6D08E001A6E07 /* TrainingCamps */,
			);
		};
/* End PBXProject section */

/* Begin PBXResourcesBuildPhase section */
		73653C5620C6D08E001A6E07 /* Resources */ = {
			isa = PBXResourcesBuildPhase;
			buildActionMask = 2147483647;
			files = (
				73653C6320C6D08E001A6E07 /* Assets.xcassets in Resources */,
				73F068E820D373A8001890CB /* CampParticipants.storyboard in Resources */,
				7331B719210081E1006392E1 /* TrainingDistribution.storyboard in Resources */,
				73B6D91F20EB749D00E88392 /* CompletionCertificates.storyboard in Resources */,
				73FDF5CA20DC020800A9A5B9 /* RaceResults.storyboard in Resources */,
				73789B2C20FE4A2F0019695D /* RaceResultsDistribution.storyboard in Resources */,
				7305E98820D1650A001748D5 /* Camps.storyboard in Resources */,
				73479C2F20C796AE0098E7D9 /* Races.storyboard in Resources */,
				7305E97B20D03D5E001748D5 /* RaceDefinition.storyboard in Resources */,
				73653C6620C6D08F001A6E07 /* Main.storyboard in Resources */,
				739F3A0220E63FBC0068B350 /* HallOfFameViewItem.xib in Resources */,
				739B6D5320E4EDFA006C5DF0 /* Participant.storyboard in Resources */,
				73FDF5CC20DC060A00A9A5B9 /* SingleRaceResults.storyboard in Resources */,
				7320566321006F8D00499947 /* Buckets.storyboard in Resources */,
				73B6D91B20EB43B400E88392 /* et_final_Transparent.jpg in Resources */,
				739B6D4B20E4E77A006C5DF0 /* ParticipantEddingtonNumbers.storyboard in Resources */,
				73A84B3520DF9BCF00506236 /* CampAthleteList.storyboard in Resources */,
				730BE08520E656F400FA86FD /* HallOfFameHeaderView.xib in Resources */,
				737FD9F1210DBAA300F17632 /* HallOfFameFooterView.xib in Resources */,
				731E7BD920D1C25500AA00F5 /* CampTypes.storyboard in Resources */,
				7314EF8320E4C89E0032176F /* EddingtonNumbers.storyboard in Resources */,
				731BDFB820DF75F3006A0A8F /* Rankings.storyboard in Resources */,
				73370FC320D29B5C0090755E /* Tree.storyboard in Resources */,
				73D8CB6520C8200500F7D322 /* Participants.storyboard in Resources */,
				733735ED20E54CF300931C43 /* Admin.storyboard in Resources */,
				7346382020C6FFC800406C74 /* CampDays.storyboard in Resources */,
				733735EF20E5545C00931C43 /* HallOfFame.storyboard in Resources */,
				73A84B3920DF9F7C00506236 /* CampAthletesDays.storyboard in Resources */,
				731E7BD720D1C13600AA00F5 /* Locations.storyboard in Resources */,
			);
			runOnlyForDeploymentPostprocessing = 0;
		};
/* End PBXResourcesBuildPhase section */

/* Begin PBXSourcesBuildPhase section */
		73653C5420C6D08E001A6E07 /* Sources */ = {
			isa = PBXSourcesBuildPhase;
			buildActionMask = 2147483647;
			files = (
				732BD71120D2AAB5004FBD59 /* ParticipantRacesNode.swift in Sources */,
				739B6D5720E4FA4C006C5DF0 /* AllParticipantsEddingtonNumbersViewController.swift in Sources */,
				739B6D5120E4E85D006C5DF0 /* ParticipantViewControllerProtocol.swift in Sources */,
				73B58E4120FEF384001CA7D0 /* RaceResultsGraphViewController.swift in Sources */,
				7305E99520D17FFA001748D5 /* TransformerNSNumberToTimeFormat.swift in Sources */,
				73944A4120DBAFC000835D07 /* CampParticipantSplitViewController.swift in Sources */,
				73C9741620E3E4EB004DD350 /* RaceResultTreeNode.swift in Sources */,
				73D8FFE720E13FE80033A2B2 /* TreeOrderComboBox.swift in Sources */,
				731A244F20DA3AAF0060E726 /* RaceCompletionStatusComboBox.swift in Sources */,
				731E7BCD20D1AAE600AA00F5 /* RaceDefinition+Extension.swift in Sources */,
				732BD71320D2AB6D004FBD59 /* ParticipantTrainingNode.swift in Sources */,
				73653C5E20C6D08E001A6E07 /* ViewController.swift in Sources */,
				7366C5BC20E04974006F9C82 /* TreeNodeAverage.swift in Sources */,
				73F4F46E20DA755F00A5629B /* RaceViewControllerProtocol.swift in Sources */,
				7331B71D21008EAB006392E1 /* TrainingDistributionViewController.swift in Sources */,
				73B6D92120EB76F000E88392 /* CompletionCertificatesSplitViewController.swift in Sources */,
				735CF5E420DBFD5A00A10340 /* RaceResultsViewControllerProtocol.swift in Sources */,
				73A1FE4120D98E210072847B /* CampRacesViewController.swift in Sources */,
				7305E97D20D06C1B001748D5 /* RaceDefinitionSplitViewController.swift in Sources */,
				73AA945120D271BC00CA2CAB /* ParticipantDayNode.swift in Sources */,
				731E7BD120D1BBCA00AA00F5 /* Camp+Extension.swift in Sources */,
				7346382A20C705F000406C74 /* CampsTabViewController.swift in Sources */,
				730BE08920E6588400FA86FD /* HallOfFameHeaderView.swift in Sources */,
				739D5AC32102590B007E3B00 /* FixedWidthBucketGenerator.swift in Sources */,
				73D8CB6F20C8491B00F7D322 /* CampGroup+Extension.swift in Sources */,
				73A7DE1220EA7914001166B0 /* CampGroupTreeNodeGenerator.swift in Sources */,
				7346382620C7029000406C74 /* CampsListViewController.swift in Sources */,
				73370FC120D29B120090755E /* TreeNodeViewController.swift in Sources */,
				73C9741420E3E1C7004DD350 /* ParticipantDayTreeNode.swift in Sources */,
				7305E98F20D167B7001748D5 /* CampGroupTabViewController.swift in Sources */,
				73F8AB8A20D765BA00B86159 /* GenderComboBox.swift in Sources */,
				7321488F20DD408F00C0974C /* RaceDefinitionDescriptionsViewController.swift in Sources */,
				73F068EA20D37484001890CB /* CampParticipantsSplitViewController.swift in Sources */,
				732BD70F20D2A6A2004FBD59 /* DayNode.swift in Sources */,
				7314EF8520E4CBC30032176F /* EddingtonNumberViewController.swift in Sources */,
				732BD70D20D2A5E2004FBD59 /* RaceResultNode.swift in Sources */,
				7384573520E3AAA100155EB6 /* ParticipantFilterCombBox.swift in Sources */,
				7305E99120D17380001748D5 /* CampGroupListViewController.swift in Sources */,
				73FD6D1220D91FEF000A821D /* CampDaysViewController.swift in Sources */,
				73D8CB6320C7DF4E00F7D322 /* RacesSplitViewController.swift in Sources */,
				73653C5C20C6D08E001A6E07 /* AppDelegate.swift in Sources */,
				7314EF8720E4D1F10032176F /* EddingtonNumber+Extension.swift in Sources */,
				7358FA8920DC3F9F006889FA /* RaceRanker.swift in Sources */,
				739D5AC1210258C3007E3B00 /* FixedNumberOfBucketsBucketGenerator.swift in Sources */,
				739B6D4D20E4E815006C5DF0 /* ParticipantEddingtonNumbersViewController.swift in Sources */,
				73B6D92520EB789E00E88392 /* CampCompletionListViewController.swift in Sources */,
				739A3CDC20DBF2740069542C /* RaceDefinitionListViewController.swift in Sources */,
				73944A3F20DBAE0700835D07 /* CampParticipantViewControllerProtocol.swift in Sources */,
				7321489320DD486F00C0974C /* RaceTypeComboBox.swift in Sources */,
				732BD71720D2AD0F004FBD59 /* CampTrainingNode.swift in Sources */,
				73A9401520ECFDFC004D6EA5 /* CSVExporter.swift in Sources */,
				735CF5E620DBFD9F00A10340 /* RaceResultsViewController.swift in Sources */,
				73653C6120C6D08E001A6E07 /* TrainingCamps.xcdatamodeld in Sources */,
				73BC9FC420D926CA0077AC7E /* ParticipantCampDaysViewController.swift in Sources */,
				73C9741820E3F87B004DD350 /* ParticipantFilterPopUp.swift in Sources */,
				739A3CDA20DBF1170069542C /* RaceDefinitionViewControllerProtocol.swift in Sources */,
				734F0C652100AA35008504E4 /* BucketGenerator.swift in Sources */,
				731E7BCF20D1ADD200AA00F5 /* Race+Extension.swift in Sources */,
				73653C7620C6E027001A6E07 /* Date+Extension.swift in Sources */,
				731A245120DA47830060E726 /* CampRaceResultViewController.swift in Sources */,
				731A244D20DA0C0F0060E726 /* PointsMethodComboBox.swift in Sources */,
				7320566521006FBE00499947 /* Bucket.swift in Sources */,
				737FD9EF210DBA7E00F17632 /* HallOfFameFooterView.swift in Sources */,
				73F8AB8620D5264500B86159 /* TreeToggler.swift in Sources */,
				73370FBB20D28CA60090755E /* CampParticipant+Extension.swift in Sources */,
				73F0CAFD20DD13F50073D63B /* Rank+Extension.swift in Sources */,
				73653C6F20C6D4D6001A6E07 /* CoreDataStack.swift in Sources */,
				73370FBF20D296CC0090755E /* TreeNodeImplementation.swift in Sources */,
				73811D2B20D2B0BD009D946F /* CampRacingNode.swift in Sources */,
				73279D8720EA7AC100B8E575 /* TreeGeneratorViewControllerProtocol.swift in Sources */,
				7384573120E388DA00155EB6 /* Maths.swift in Sources */,
				7366C5BA20E047B3006F9C82 /* TreeNodeSum.swift in Sources */,
				730B6B0E20DE244000274CA6 /* TrainingRanker.swift in Sources */,
				73D9162220EA316400891C36 /* HallfOfFameTrainingViewController.swift in Sources */,
				73AA945320D2735F00CA2CAB /* ParticipantRaceResultNode.swift in Sources */,
				73653C7420C6DF63001A6E07 /* JSONImporter.swift in Sources */,
				732BD70920D2A4A1004FBD59 /* CampNode.swift in Sources */,
				7331B71B21008789006392E1 /* TrainingDataProtocol.swift in Sources */,
				731E7BDB20D2544A00AA00F5 /* RaceResult+Extension.swift in Sources */,
				7309930320DBB20D00906DD9 /* CampParticipantsRacesViewController.swift in Sources */,
				733735F920E62D1400931C43 /* HallOfFameViewController.swift in Sources */,
				7312BA4D20DF8837006B7A67 /* RankingsViewControllerProtocol.swift in Sources */,
				73FC661220E0BB5C0019F964 /* TreeNodeEditable.swift in Sources */,
				73018FC521030BEA00A6A7BC /* RaceResultsGraphSplitViewController.swift in Sources */,
				7321489120DD459A00C0974C /* TextViewToStringTransformer.swift in Sources */,
				73944A3D20DBA8CC00835D07 /* DayViewControllerProtocol.swift in Sources */,
				73A7DE1020EA7770001166B0 /* TreeNodeGenerator.swift in Sources */,
				7337252D20D7F42400D7200E /* CampParticipantsTrainingDaysViewController.swift in Sources */,
				7346382820C7044000406C74 /* CampSplitViewController.swift in Sources */,
				7331B71F21008F34006392E1 /* TrainingDataViewController.swift in Sources */,
				732F4088210B17790037B555 /* StickyHeaderFlowLayout.swift in Sources */,
				73F8AB8C20D78D7D00B86159 /* CoachComboBox.swift in Sources */,
				733B7BDD20DEBF4F00916BD9 /* Ranker.swift in Sources */,
				73A84B3720DF9DC500506236 /* CampAthleteListSplitViewController.swift in Sources */,
				73F8AB8820D640AF00B86159 /* CampParticipantsListViewController.swift in Sources */,
				7305E99320D17BB8001748D5 /* ParticipantDay+Extension.swift in Sources */,
				73FDF5CE20DC06A000A9A5B9 /* SingleRaceResultsViewController.swift in Sources */,
				739B6D5520E4EE7C006C5DF0 /* ParticipantSplitViewController.swift in Sources */,
				7346382220C700C000406C74 /* CampViewControllerProtocol.swift in Sources */,
				734C3D9F2100735900EBB54C /* BucketsViewController.swift in Sources */,
				73A7DE0C20EA52AB001166B0 /* HallOfFameEddingtonNumbersViewController.swift in Sources */,
				73279D8B20EAA37900B8E575 /* TreeGeneratorParticipant.swift in Sources */,
				73D8CB6920C8205800F7D322 /* CampGroupViewController.swift in Sources */,
				73F8AB8E20D78DC200B86159 /* CoachingRelationshipComboBox.swift in Sources */,
				731E7BD320D1C0D300AA00F5 /* Location+Extension.swift in Sources */,
				73653C7820C6E1F1001A6E07 /* Enumerations.swift in Sources */,
				73D8CB6B20C820AE00F7D322 /* CampGroupSplitViewController.swift in Sources */,
				732BD71520D2ABEA004FBD59 /* ParticipantCampNode.swift in Sources */,
				73AA4EC420D26227004B05B8 /* Day+Extension.swift in Sources */,
				7358FA8720DC35D8006889FA /* Rankable.swift in Sources */,
				73018FC3210309E600A6A7BC /* NormalDistributionViewControllerProtocol.swift in Sources */,
				739F3A0120E63FBC0068B350 /* HallOfFameViewItem.swift in Sources */,
				731BDFBA20DF7822006A0A8F /* RankingsViewController.swift in Sources */,
				7305E99720D18DB6001748D5 /* ParticipantListViewController.swift in Sources */,
				73FC661020E0B7C80019F964 /* TreeGenerator.swift in Sources */,
				73370FBD20D296AB0090755E /* TreeNodeOLD.swift in Sources */,
				733B7BDF20DED80E00916BD9 /* TrainingValuesProtocol.swift in Sources */,
				73018FC1210301EA00A6A7BC /* DistributionSelectionViewController.swift in Sources */,
				73B6D92320EB77D800E88392 /* CampCompletionCertificationViewController.swift in Sources */,
				73279D8920EA7B2B00B8E575 /* CampArrayTreeNodeGenerator.swift in Sources */,
				7366C5B620E02CB0006F9C82 /* TreeNode.swift in Sources */,
				73B6D91D20EB487F00E88392 /* CompletionCertificatePDF.swift in Sources */,
				73789B2A20FE3BA40019695D /* DistributionGraph.swift in Sources */,
				73A84B3B20DFA2B400506236 /* RaceResultsSplitViewController.swift in Sources */,
				7312BA4920DF8616006B7A67 /* CampDaySplitViewController.swift in Sources */,
				734F0C6321009BF1008504E4 /* TrainingDistributionGraphViewController.swift in Sources */,
				7346382420C700F500406C74 /* CampViewController.swift in Sources */,
				73789B2E20FE56B80019695D /* RaceResultsDistributionSplitViewController.swift in Sources */,
				7365EE3A20C7179A00E1A4EB /* CampDaysSplitViewController.swift in Sources */,
				73D8CB6720C8202500F7D322 /* CampGroupViewControllerProtocol.swift in Sources */,
				73B8276D20C84AD400E33064 /* Participant+Extension.swift in Sources */,
				731E7BD520D1C0FE00AA00F5 /* CampType+Extension.swift in Sources */,
				73F8AB9020D7C87900B86159 /* RoleComboBox.swift in Sources */,
				73D8CB6D20C825BE00F7D322 /* ParticipantsSplitViewController.swift in Sources */,
				73D9254920EAB90A00BE3D5C /* OpenAndSaveDialogues.swift in Sources */,
				739F39FE20E639280068B350 /* HallOfFameResult.swift in Sources */,
			);
			runOnlyForDeploymentPostprocessing = 0;
		};
/* End PBXSourcesBuildPhase section */

/* Begin PBXVariantGroup section */
		73653C6420C6D08F001A6E07 /* Main.storyboard */ = {
			isa = PBXVariantGroup;
			children = (
				73653C6520C6D08F001A6E07 /* Base */,
			);
			name = Main.storyboard;
			sourceTree = "<group>";
		};
/* End PBXVariantGroup section */

/* Begin XCBuildConfiguration section */
		73653C6920C6D08F001A6E07 /* Debug */ = {
			isa = XCBuildConfiguration;
			buildSettings = {
				ALWAYS_SEARCH_USER_PATHS = NO;
				CLANG_ANALYZER_NONNULL = YES;
				CLANG_ANALYZER_NUMBER_OBJECT_CONVERSION = YES_AGGRESSIVE;
				CLANG_CXX_LANGUAGE_STANDARD = "gnu++14";
				CLANG_CXX_LIBRARY = "libc++";
				CLANG_ENABLE_MODULES = YES;
				CLANG_ENABLE_OBJC_ARC = YES;
				CLANG_WARN_BLOCK_CAPTURE_AUTORELEASING = YES;
				CLANG_WARN_BOOL_CONVERSION = YES;
				CLANG_WARN_COMMA = YES;
				CLANG_WARN_CONSTANT_CONVERSION = YES;
				CLANG_WARN_DIRECT_OBJC_ISA_USAGE = YES_ERROR;
				CLANG_WARN_DOCUMENTATION_COMMENTS = YES;
				CLANG_WARN_EMPTY_BODY = YES;
				CLANG_WARN_ENUM_CONVERSION = YES;
				CLANG_WARN_INFINITE_RECURSION = YES;
				CLANG_WARN_INT_CONVERSION = YES;
				CLANG_WARN_NON_LITERAL_NULL_CONVERSION = YES;
				CLANG_WARN_OBJC_LITERAL_CONVERSION = YES;
				CLANG_WARN_OBJC_ROOT_CLASS = YES_ERROR;
				CLANG_WARN_RANGE_LOOP_ANALYSIS = YES;
				CLANG_WARN_STRICT_PROTOTYPES = YES;
				CLANG_WARN_SUSPICIOUS_MOVE = YES;
				CLANG_WARN_UNGUARDED_AVAILABILITY = YES_AGGRESSIVE;
				CLANG_WARN_UNREACHABLE_CODE = YES;
				CLANG_WARN__DUPLICATE_METHOD_MATCH = YES;
				CODE_SIGN_IDENTITY = "-";
				COPY_PHASE_STRIP = NO;
				DEBUG_INFORMATION_FORMAT = dwarf;
				ENABLE_STRICT_OBJC_MSGSEND = YES;
				ENABLE_TESTABILITY = YES;
				GCC_C_LANGUAGE_STANDARD = gnu11;
				GCC_DYNAMIC_NO_PIC = NO;
				GCC_NO_COMMON_BLOCKS = YES;
				GCC_OPTIMIZATION_LEVEL = 0;
				GCC_PREPROCESSOR_DEFINITIONS = (
					"DEBUG=1",
					"$(inherited)",
				);
				GCC_WARN_64_TO_32_BIT_CONVERSION = YES;
				GCC_WARN_ABOUT_RETURN_TYPE = YES_ERROR;
				GCC_WARN_UNDECLARED_SELECTOR = YES;
				GCC_WARN_UNINITIALIZED_AUTOS = YES_AGGRESSIVE;
				GCC_WARN_UNUSED_FUNCTION = YES;
				GCC_WARN_UNUSED_VARIABLE = YES;
				MACOSX_DEPLOYMENT_TARGET = 10.13;
				MTL_ENABLE_DEBUG_INFO = YES;
				ONLY_ACTIVE_ARCH = YES;
				SDKROOT = macosx;
				SWIFT_ACTIVE_COMPILATION_CONDITIONS = DEBUG;
				SWIFT_OPTIMIZATION_LEVEL = "-Onone";
			};
			name = Debug;
		};
		73653C6A20C6D08F001A6E07 /* Release */ = {
			isa = XCBuildConfiguration;
			buildSettings = {
				ALWAYS_SEARCH_USER_PATHS = NO;
				CLANG_ANALYZER_NONNULL = YES;
				CLANG_ANALYZER_NUMBER_OBJECT_CONVERSION = YES_AGGRESSIVE;
				CLANG_CXX_LANGUAGE_STANDARD = "gnu++14";
				CLANG_CXX_LIBRARY = "libc++";
				CLANG_ENABLE_MODULES = YES;
				CLANG_ENABLE_OBJC_ARC = YES;
				CLANG_WARN_BLOCK_CAPTURE_AUTORELEASING = YES;
				CLANG_WARN_BOOL_CONVERSION = YES;
				CLANG_WARN_COMMA = YES;
				CLANG_WARN_CONSTANT_CONVERSION = YES;
				CLANG_WARN_DIRECT_OBJC_ISA_USAGE = YES_ERROR;
				CLANG_WARN_DOCUMENTATION_COMMENTS = YES;
				CLANG_WARN_EMPTY_BODY = YES;
				CLANG_WARN_ENUM_CONVERSION = YES;
				CLANG_WARN_INFINITE_RECURSION = YES;
				CLANG_WARN_INT_CONVERSION = YES;
				CLANG_WARN_NON_LITERAL_NULL_CONVERSION = YES;
				CLANG_WARN_OBJC_LITERAL_CONVERSION = YES;
				CLANG_WARN_OBJC_ROOT_CLASS = YES_ERROR;
				CLANG_WARN_RANGE_LOOP_ANALYSIS = YES;
				CLANG_WARN_STRICT_PROTOTYPES = YES;
				CLANG_WARN_SUSPICIOUS_MOVE = YES;
				CLANG_WARN_UNGUARDED_AVAILABILITY = YES_AGGRESSIVE;
				CLANG_WARN_UNREACHABLE_CODE = YES;
				CLANG_WARN__DUPLICATE_METHOD_MATCH = YES;
				CODE_SIGN_IDENTITY = "-";
				COPY_PHASE_STRIP = NO;
				DEBUG_INFORMATION_FORMAT = "dwarf-with-dsym";
				ENABLE_NS_ASSERTIONS = NO;
				ENABLE_STRICT_OBJC_MSGSEND = YES;
				GCC_C_LANGUAGE_STANDARD = gnu11;
				GCC_NO_COMMON_BLOCKS = YES;
				GCC_WARN_64_TO_32_BIT_CONVERSION = YES;
				GCC_WARN_ABOUT_RETURN_TYPE = YES_ERROR;
				GCC_WARN_UNDECLARED_SELECTOR = YES;
				GCC_WARN_UNINITIALIZED_AUTOS = YES_AGGRESSIVE;
				GCC_WARN_UNUSED_FUNCTION = YES;
				GCC_WARN_UNUSED_VARIABLE = YES;
				MACOSX_DEPLOYMENT_TARGET = 10.13;
				MTL_ENABLE_DEBUG_INFO = NO;
				SDKROOT = macosx;
				SWIFT_OPTIMIZATION_LEVEL = "-Owholemodule";
			};
			name = Release;
		};
		73653C6C20C6D08F001A6E07 /* Debug */ = {
			isa = XCBuildConfiguration;
			buildSettings = {
				ASSETCATALOG_COMPILER_APPICON_NAME = AppIcon;
				CODE_SIGN_ENTITLEMENTS = TrainingCamps/TrainingCamps.entitlements;
				CODE_SIGN_STYLE = Automatic;
				COMBINE_HIDPI_IMAGES = YES;
				INFOPLIST_FILE = TrainingCamps/Info.plist;
				LD_RUNPATH_SEARCH_PATHS = "$(inherited) @executable_path/../Frameworks";
				PRODUCT_BUNDLE_IDENTIFIER = uk.me.stevenlord.TrainingCamps;
				PRODUCT_NAME = "$(TARGET_NAME)";
				SWIFT_VERSION = 4.0;
			};
			name = Debug;
		};
		73653C6D20C6D08F001A6E07 /* Release */ = {
			isa = XCBuildConfiguration;
			buildSettings = {
				ASSETCATALOG_COMPILER_APPICON_NAME = AppIcon;
				CODE_SIGN_ENTITLEMENTS = TrainingCamps/TrainingCamps.entitlements;
				CODE_SIGN_STYLE = Automatic;
				COMBINE_HIDPI_IMAGES = YES;
				INFOPLIST_FILE = TrainingCamps/Info.plist;
				LD_RUNPATH_SEARCH_PATHS = "$(inherited) @executable_path/../Frameworks";
				PRODUCT_BUNDLE_IDENTIFIER = uk.me.stevenlord.TrainingCamps;
				PRODUCT_NAME = "$(TARGET_NAME)";
				SWIFT_VERSION = 4.0;
			};
			name = Release;
		};
/* End XCBuildConfiguration section */

/* Begin XCConfigurationList section */
		73653C5320C6D08E001A6E07 /* Build configuration list for PBXProject "TrainingCamps" */ = {
			isa = XCConfigurationList;
			buildConfigurations = (
				73653C6920C6D08F001A6E07 /* Debug */,
				73653C6A20C6D08F001A6E07 /* Release */,
			);
			defaultConfigurationIsVisible = 0;
			defaultConfigurationName = Release;
		};
		73653C6B20C6D08F001A6E07 /* Build configuration list for PBXNativeTarget "TrainingCamps" */ = {
			isa = XCConfigurationList;
			buildConfigurations = (
				73653C6C20C6D08F001A6E07 /* Debug */,
				73653C6D20C6D08F001A6E07 /* Release */,
			);
			defaultConfigurationIsVisible = 0;
			defaultConfigurationName = Release;
		};
/* End XCConfigurationList section */

/* Begin XCVersionGroup section */
		73653C5F20C6D08E001A6E07 /* TrainingCamps.xcdatamodeld */ = {
			isa = XCVersionGroup;
			children = (
				73653C6020C6D08E001A6E07 /* TrainingCamps.xcdatamodel */,
			);
			currentVersion = 73653C6020C6D08E001A6E07 /* TrainingCamps.xcdatamodel */;
			path = TrainingCamps.xcdatamodeld;
			sourceTree = "<group>";
			versionGroupType = wrapper.xcdatamodel;
		};
/* End XCVersionGroup section */
	};
	rootObject = 73653C5020C6D08E001A6E07 /* Project object */;
}
